// !$*UTF8*$!
{
	archiveVersion = 1;
	classes = {
	};
	objectVersion = 50;
	objects = {

/* Begin PBXBuildFile section */
		23E50B3FB16A02652EC6BF43 /* Pods_app2okanenogakkoUITests.framework in Frameworks */ = {isa = PBXBuildFile; fileRef = 5F6548767CEC3FB6F0666116 /* Pods_app2okanenogakkoUITests.framework */; };
		63204D0B22DDBF24001AA8BE /* Main.storyboard in Resources */ = {isa = PBXBuildFile; fileRef = 63204D0922DDBF24001AA8BE /* Main.storyboard */; };
		633F869F22CD07130098A866 /* info.png in Resources */ = {isa = PBXBuildFile; fileRef = 633F869D22CD07120098A866 /* info.png */; };
		633F86A022CD07130098A866 /* calender.png in Resources */ = {isa = PBXBuildFile; fileRef = 633F869E22CD07130098A866 /* calender.png */; };
		633F86B122CD121F0098A866 /* InfoListTableViewController.swift in Sources */ = {isa = PBXBuildFile; fileRef = 633F86B022CD121F0098A866 /* InfoListTableViewController.swift */; };
		6360317D2296BEA900D8C931 /* note.png in Resources */ = {isa = PBXBuildFile; fileRef = 6360317C2296BEA900D8C931 /* note.png */; };
		6391AF17229668AB007128BF /* AbstractViewController.swift in Sources */ = {isa = PBXBuildFile; fileRef = 6391AF16229668AB007128BF /* AbstractViewController.swift */; };
		63BCAF4122DCD7A30014036A /* InfoDetailViewController.swift in Sources */ = {isa = PBXBuildFile; fileRef = 63BCAF4022DCD7A20014036A /* InfoDetailViewController.swift */; };
		63C410952294DE560079DC08 /* AppDelegate.swift in Sources */ = {isa = PBXBuildFile; fileRef = 63C410942294DE560079DC08 /* AppDelegate.swift */; };
		63C410972294DE560079DC08 /* FirstViewController.swift in Sources */ = {isa = PBXBuildFile; fileRef = 63C410962294DE560079DC08 /* FirstViewController.swift */; };
		63C410992294DE560079DC08 /* SecondViewController.swift in Sources */ = {isa = PBXBuildFile; fileRef = 63C410982294DE560079DC08 /* SecondViewController.swift */; };
		63C4109E2294DE590079DC08 /* Assets.xcassets in Resources */ = {isa = PBXBuildFile; fileRef = 63C4109D2294DE590079DC08 /* Assets.xcassets */; };
		63C410A12294DE590079DC08 /* LaunchScreen.storyboard in Resources */ = {isa = PBXBuildFile; fileRef = 63C4109F2294DE590079DC08 /* LaunchScreen.storyboard */; };
		63C410AC2294DE590079DC08 /* app2okanenogakkoTests.swift in Sources */ = {isa = PBXBuildFile; fileRef = 63C410AB2294DE590079DC08 /* app2okanenogakkoTests.swift */; };
		63C410B72294DE590079DC08 /* app2okanenogakkoUITests.swift in Sources */ = {isa = PBXBuildFile; fileRef = 63C410B62294DE590079DC08 /* app2okanenogakkoUITests.swift */; };
		63D6E2DD22D0D6FF002BA130 /* GoogleService-Info.plist in Resources */ = {isa = PBXBuildFile; fileRef = 63D6E2DC22D0D6FF002BA130 /* GoogleService-Info.plist */; };
		63F355052294EAE500059363 /* logo.png in Resources */ = {isa = PBXBuildFile; fileRef = 63F355042294EAE500059363 /* logo.png */; };
		63F355092294F1A700059363 /* MenuController.swift in Sources */ = {isa = PBXBuildFile; fileRef = 63F355082294F1A700059363 /* MenuController.swift */; };
		63F3550B2294F22D00059363 /* MenuOption.swift in Sources */ = {isa = PBXBuildFile; fileRef = 63F3550A2294F22D00059363 /* MenuOption.swift */; };
		63F3550D2294F2CD00059363 /* MenuOptionCell.swift in Sources */ = {isa = PBXBuildFile; fileRef = 63F3550C2294F2CD00059363 /* MenuOptionCell.swift */; };
		7D318211B73023E1FC65460B /* Pods_app2okanenogakkoTests.framework in Frameworks */ = {isa = PBXBuildFile; fileRef = 1536CDA29090563F95F7B65A /* Pods_app2okanenogakkoTests.framework */; };
		F58D2641432DBABF1E66C007 /* Pods_app2okanenogakko.framework in Frameworks */ = {isa = PBXBuildFile; fileRef = E73091456BB92F3DF31D5E53 /* Pods_app2okanenogakko.framework */; settings = {ATTRIBUTES = (Required, ); }; };
/* End PBXBuildFile section */

/* Begin PBXContainerItemProxy section */
		633F869822CD05C50098A866 /* PBXContainerItemProxy */ = {
			isa = PBXContainerItemProxy;
			containerPortal = 63CC626D2298D628009B58F2 /* Pods.xcodeproj */;
			proxyType = 2;
			remoteGlobalIDString = 8AA5CED235D345CE436988AB14557728;
			remoteInfo = FirebaseInstanceID;
		};
		638A9EFF2299693500BB51C2 /* PBXContainerItemProxy */ = {
			isa = PBXContainerItemProxy;
			containerPortal = 63CC626D2298D628009B58F2 /* Pods.xcodeproj */;
			proxyType = 2;
			remoteGlobalIDString = 7910D11DFF317002D6F4F44F5F6BF0C5;
			remoteInfo = FirebaseMessaging;
		};
		638A9F012299693500BB51C2 /* PBXContainerItemProxy */ = {
			isa = PBXContainerItemProxy;
			containerPortal = 63CC626D2298D628009B58F2 /* Pods.xcodeproj */;
			proxyType = 2;
			remoteGlobalIDString = FCF1807B104D2937B2388BEF749BA8C8;
			remoteInfo = Protobuf;
		};
		63BCAF4D22DCD7A40014036A /* PBXContainerItemProxy */ = {
			isa = PBXContainerItemProxy;
			containerPortal = 63CC626D2298D628009B58F2 /* Pods.xcodeproj */;
			proxyType = 2;
			remoteGlobalIDString = 79F791D86D89A4A44D743160CB579D43;
			remoteInfo = FirebaseDatabase;
		};
		63BCAF4F22DCD7A40014036A /* PBXContainerItemProxy */ = {
			isa = PBXContainerItemProxy;
			containerPortal = 63CC626D2298D628009B58F2 /* Pods.xcodeproj */;
			proxyType = 2;
			remoteGlobalIDString = AAF6198ABE06DE337FA416438B43161F;
			remoteInfo = "leveldb-library";
		};
		63C410A82294DE590079DC08 /* PBXContainerItemProxy */ = {
			isa = PBXContainerItemProxy;
			containerPortal = 63C410892294DE560079DC08 /* Project object */;
			proxyType = 1;
			remoteGlobalIDString = 63C410902294DE560079DC08;
			remoteInfo = app2okanenogakko;
		};
		63C410B32294DE590079DC08 /* PBXContainerItemProxy */ = {
			isa = PBXContainerItemProxy;
			containerPortal = 63C410892294DE560079DC08 /* Project object */;
			proxyType = 1;
			remoteGlobalIDString = 63C410902294DE560079DC08;
			remoteInfo = app2okanenogakko;
		};
		63CC632E2298D629009B58F2 /* PBXContainerItemProxy */ = {
			isa = PBXContainerItemProxy;
			containerPortal = 63CC626D2298D628009B58F2 /* Pods.xcodeproj */;
			proxyType = 2;
			remoteGlobalIDString = 1D247FDDDD7E6ADC9C691C282E510AF8;
			remoteInfo = FirebaseCore;
		};
		63CC63302298D629009B58F2 /* PBXContainerItemProxy */ = {
			isa = PBXContainerItemProxy;
			containerPortal = 63CC626D2298D628009B58F2 /* Pods.xcodeproj */;
			proxyType = 2;
			remoteGlobalIDString = 7575E913BF4DEEAA4F9F5A066E899AB4;
			remoteInfo = GoogleUtilities;
		};
		63CC63322298D629009B58F2 /* PBXContainerItemProxy */ = {
			isa = PBXContainerItemProxy;
			containerPortal = 63CC626D2298D628009B58F2 /* Pods.xcodeproj */;
			proxyType = 2;
			remoteGlobalIDString = 8961F34BDE61F7E969D0D2DD8683E30A;
			remoteInfo = nanopb;
		};
		63CC63342298D629009B58F2 /* PBXContainerItemProxy */ = {
			isa = PBXContainerItemProxy;
			containerPortal = 63CC626D2298D628009B58F2 /* Pods.xcodeproj */;
			proxyType = 2;
			remoteGlobalIDString = 6BC37671D6E7275C949D7B1DE094F4B2;
			remoteInfo = "Pods-app2okanenogakko";
		};
		63CC63362298D629009B58F2 /* PBXContainerItemProxy */ = {
			isa = PBXContainerItemProxy;
			containerPortal = 63CC626D2298D628009B58F2 /* Pods.xcodeproj */;
			proxyType = 2;
			remoteGlobalIDString = 67190A1E2BE913B742288B37D02E7798;
			remoteInfo = "Pods-app2okanenogakkoTests";
		};
		63CC63382298D629009B58F2 /* PBXContainerItemProxy */ = {
			isa = PBXContainerItemProxy;
			containerPortal = 63CC626D2298D628009B58F2 /* Pods.xcodeproj */;
			proxyType = 2;
			remoteGlobalIDString = 18884A2E99F7BF13B9784A07E8BBBAFC;
			remoteInfo = "Pods-app2okanenogakkoUITests";
		};
/* End PBXContainerItemProxy section */

/* Begin PBXCopyFilesBuildPhase section */
		63D6E2F222D1A262002BA130 /* Embed App Extensions */ = {
			isa = PBXCopyFilesBuildPhase;
			buildActionMask = 2147483647;
			dstPath = "";
			dstSubfolderSpec = 13;
			files = (
			);
			name = "Embed App Extensions";
			runOnlyForDeploymentPostprocessing = 0;
		};
/* End PBXCopyFilesBuildPhase section */

/* Begin PBXFileReference section */
		1536CDA29090563F95F7B65A /* Pods_app2okanenogakkoTests.framework */ = {isa = PBXFileReference; explicitFileType = wrapper.framework; includeInIndex = 0; path = Pods_app2okanenogakkoTests.framework; sourceTree = BUILT_PRODUCTS_DIR; };
		1765B6DB3FEC330FCD554C4B /* Pods-app2okanenogakko.debug.xcconfig */ = {isa = PBXFileReference; includeInIndex = 1; lastKnownFileType = text.xcconfig; name = "Pods-app2okanenogakko.debug.xcconfig"; path = "Pods/Target Support Files/Pods-app2okanenogakko/Pods-app2okanenogakko.debug.xcconfig"; sourceTree = "<group>"; };
		18C5C56F16A41BAC2DE9A29D /* Pods-app2okanenogakkoTests.debug.xcconfig */ = {isa = PBXFileReference; includeInIndex = 1; lastKnownFileType = text.xcconfig; name = "Pods-app2okanenogakkoTests.debug.xcconfig"; path = "Pods/Target Support Files/Pods-app2okanenogakkoTests/Pods-app2okanenogakkoTests.debug.xcconfig"; sourceTree = "<group>"; };
		27AB8D766FD493085C4F6B31 /* Pods-app2okanenogakkoTests.release.xcconfig */ = {isa = PBXFileReference; includeInIndex = 1; lastKnownFileType = text.xcconfig; name = "Pods-app2okanenogakkoTests.release.xcconfig"; path = "Pods/Target Support Files/Pods-app2okanenogakkoTests/Pods-app2okanenogakkoTests.release.xcconfig"; sourceTree = "<group>"; };
		5F6548767CEC3FB6F0666116 /* Pods_app2okanenogakkoUITests.framework */ = {isa = PBXFileReference; explicitFileType = wrapper.framework; includeInIndex = 0; path = Pods_app2okanenogakkoUITests.framework; sourceTree = BUILT_PRODUCTS_DIR; };
		63204D0A22DDBF24001AA8BE /* Base */ = {isa = PBXFileReference; lastKnownFileType = file.storyboard; name = Base; path = Base.lproj/Main.storyboard; sourceTree = "<group>"; };
		633F869D22CD07120098A866 /* info.png */ = {isa = PBXFileReference; lastKnownFileType = image.png; path = info.png; sourceTree = "<group>"; };
		633F869E22CD07130098A866 /* calender.png */ = {isa = PBXFileReference; lastKnownFileType = image.png; path = calender.png; sourceTree = "<group>"; };
		633F86B022CD121F0098A866 /* InfoListTableViewController.swift */ = {isa = PBXFileReference; lastKnownFileType = sourcecode.swift; path = InfoListTableViewController.swift; sourceTree = "<group>"; };
		6360317C2296BEA900D8C931 /* note.png */ = {isa = PBXFileReference; lastKnownFileType = image.png; path = note.png; sourceTree = "<group>"; };
		6391AF16229668AB007128BF /* AbstractViewController.swift */ = {isa = PBXFileReference; lastKnownFileType = sourcecode.swift; path = AbstractViewController.swift; sourceTree = "<group>"; };
		639E912E2298FCCD00A436AF /* app2okanenogakko.entitlements */ = {isa = PBXFileReference; lastKnownFileType = text.plist.entitlements; path = app2okanenogakko.entitlements; sourceTree = "<group>"; };
		63BCAF4022DCD7A20014036A /* InfoDetailViewController.swift */ = {isa = PBXFileReference; lastKnownFileType = sourcecode.swift; path = InfoDetailViewController.swift; sourceTree = "<group>"; };
		63C410912294DE560079DC08 /* app2okanenogakko.app */ = {isa = PBXFileReference; explicitFileType = wrapper.application; includeInIndex = 0; path = app2okanenogakko.app; sourceTree = BUILT_PRODUCTS_DIR; };
		63C410942294DE560079DC08 /* AppDelegate.swift */ = {isa = PBXFileReference; lastKnownFileType = sourcecode.swift; path = AppDelegate.swift; sourceTree = "<group>"; };
		63C410962294DE560079DC08 /* FirstViewController.swift */ = {isa = PBXFileReference; lastKnownFileType = sourcecode.swift; path = FirstViewController.swift; sourceTree = "<group>"; };
		63C410982294DE560079DC08 /* SecondViewController.swift */ = {isa = PBXFileReference; lastKnownFileType = sourcecode.swift; path = SecondViewController.swift; sourceTree = "<group>"; };
		63C4109D2294DE590079DC08 /* Assets.xcassets */ = {isa = PBXFileReference; lastKnownFileType = folder.assetcatalog; path = Assets.xcassets; sourceTree = "<group>"; };
		63C410A02294DE590079DC08 /* Base */ = {isa = PBXFileReference; lastKnownFileType = file.storyboard; name = Base; path = Base.lproj/LaunchScreen.storyboard; sourceTree = "<group>"; };
		63C410A22294DE590079DC08 /* Info.plist */ = {isa = PBXFileReference; lastKnownFileType = text.plist.xml; path = Info.plist; sourceTree = "<group>"; };
		63C410A72294DE590079DC08 /* app2okanenogakkoTests.xctest */ = {isa = PBXFileReference; explicitFileType = wrapper.cfbundle; includeInIndex = 0; path = app2okanenogakkoTests.xctest; sourceTree = BUILT_PRODUCTS_DIR; };
		63C410AB2294DE590079DC08 /* app2okanenogakkoTests.swift */ = {isa = PBXFileReference; lastKnownFileType = sourcecode.swift; path = app2okanenogakkoTests.swift; sourceTree = "<group>"; };
		63C410AD2294DE590079DC08 /* Info.plist */ = {isa = PBXFileReference; lastKnownFileType = text.plist.xml; path = Info.plist; sourceTree = "<group>"; };
		63C410B22294DE590079DC08 /* app2okanenogakkoUITests.xctest */ = {isa = PBXFileReference; explicitFileType = wrapper.cfbundle; includeInIndex = 0; path = app2okanenogakkoUITests.xctest; sourceTree = BUILT_PRODUCTS_DIR; };
		63C410B62294DE590079DC08 /* app2okanenogakkoUITests.swift */ = {isa = PBXFileReference; lastKnownFileType = sourcecode.swift; path = app2okanenogakkoUITests.swift; sourceTree = "<group>"; };
		63C410B82294DE590079DC08 /* Info.plist */ = {isa = PBXFileReference; lastKnownFileType = text.plist.xml; path = Info.plist; sourceTree = "<group>"; };
		63CC626D2298D628009B58F2 /* Pods.xcodeproj */ = {isa = PBXFileReference; lastKnownFileType = "wrapper.pb-project"; path = Pods.xcodeproj; sourceTree = "<group>"; };
		63CC62712298D628009B58F2 /* LICENSE */ = {isa = PBXFileReference; lastKnownFileType = text; path = LICENSE; sourceTree = "<group>"; };
		63CC62722298D628009B58F2 /* README.md */ = {isa = PBXFileReference; lastKnownFileType = net.daringfireball.markdown; path = README.md; sourceTree = "<group>"; };
		63CC62752298D628009B58F2 /* FIRErrors.m */ = {isa = PBXFileReference; lastKnownFileType = sourcecode.c.objc; path = FIRErrors.m; sourceTree = "<group>"; };
		63CC62762298D628009B58F2 /* FIRConfiguration.m */ = {isa = PBXFileReference; lastKnownFileType = sourcecode.c.objc; path = FIRConfiguration.m; sourceTree = "<group>"; };
		63CC62772298D628009B58F2 /* FIRApp.m */ = {isa = PBXFileReference; lastKnownFileType = sourcecode.c.objc; path = FIRApp.m; sourceTree = "<group>"; };
		63CC62782298D628009B58F2 /* FIROptions.m */ = {isa = PBXFileReference; lastKnownFileType = sourcecode.c.objc; path = FIROptions.m; sourceTree = "<group>"; };
		63CC62792298D628009B58F2 /* FIRAppAssociationRegistration.m */ = {isa = PBXFileReference; lastKnownFileType = sourcecode.c.objc; path = FIRAppAssociationRegistration.m; sourceTree = "<group>"; };
		63CC627A2298D628009B58F2 /* FIRComponent.m */ = {isa = PBXFileReference; lastKnownFileType = sourcecode.c.objc; path = FIRComponent.m; sourceTree = "<group>"; };
		63CC627B2298D628009B58F2 /* FIRAnalyticsConfiguration.m */ = {isa = PBXFileReference; lastKnownFileType = sourcecode.c.objc; path = FIRAnalyticsConfiguration.m; sourceTree = "<group>"; };
		63CC627C2298D628009B58F2 /* FIRVersion.m */ = {isa = PBXFileReference; lastKnownFileType = sourcecode.c.objc; path = FIRVersion.m; sourceTree = "<group>"; };
		63CC627E2298D628009B58F2 /* FIRConfiguration.h */ = {isa = PBXFileReference; lastKnownFileType = sourcecode.c.h; path = FIRConfiguration.h; sourceTree = "<group>"; };
		63CC627F2298D628009B58F2 /* FIROptions.h */ = {isa = PBXFileReference; lastKnownFileType = sourcecode.c.h; path = FIROptions.h; sourceTree = "<group>"; };
		63CC62802298D628009B58F2 /* FIRApp.h */ = {isa = PBXFileReference; lastKnownFileType = sourcecode.c.h; path = FIRApp.h; sourceTree = "<group>"; };
		63CC62812298D628009B58F2 /* FIRLoggerLevel.h */ = {isa = PBXFileReference; lastKnownFileType = sourcecode.c.h; path = FIRLoggerLevel.h; sourceTree = "<group>"; };
		63CC62822298D628009B58F2 /* FIRAnalyticsConfiguration.h */ = {isa = PBXFileReference; lastKnownFileType = sourcecode.c.h; path = FIRAnalyticsConfiguration.h; sourceTree = "<group>"; };
		63CC62832298D628009B58F2 /* FirebaseCore.h */ = {isa = PBXFileReference; lastKnownFileType = sourcecode.c.h; path = FirebaseCore.h; sourceTree = "<group>"; };
		63CC62852298D628009B58F2 /* FIRComponentContainer.h */ = {isa = PBXFileReference; lastKnownFileType = sourcecode.c.h; path = FIRComponentContainer.h; sourceTree = "<group>"; };
		63CC62862298D628009B58F2 /* FIROptionsInternal.h */ = {isa = PBXFileReference; lastKnownFileType = sourcecode.c.h; path = FIROptionsInternal.h; sourceTree = "<group>"; };
		63CC62872298D628009B58F2 /* FIRLogger.h */ = {isa = PBXFileReference; lastKnownFileType = sourcecode.c.h; path = FIRLogger.h; sourceTree = "<group>"; };
		63CC62882298D628009B58F2 /* FIRAppInternal.h */ = {isa = PBXFileReference; lastKnownFileType = sourcecode.c.h; path = FIRAppInternal.h; sourceTree = "<group>"; };
		63CC62892298D628009B58F2 /* FIRComponentType.h */ = {isa = PBXFileReference; lastKnownFileType = sourcecode.c.h; path = FIRComponentType.h; sourceTree = "<group>"; };
		63CC628A2298D628009B58F2 /* FIRBundleUtil.h */ = {isa = PBXFileReference; lastKnownFileType = sourcecode.c.h; path = FIRBundleUtil.h; sourceTree = "<group>"; };
		63CC628B2298D628009B58F2 /* FIRDependency.h */ = {isa = PBXFileReference; lastKnownFileType = sourcecode.c.h; path = FIRDependency.h; sourceTree = "<group>"; };
		63CC628C2298D628009B58F2 /* FIRErrorCode.h */ = {isa = PBXFileReference; lastKnownFileType = sourcecode.c.h; path = FIRErrorCode.h; sourceTree = "<group>"; };
		63CC628D2298D628009B58F2 /* FIRErrors.h */ = {isa = PBXFileReference; lastKnownFileType = sourcecode.c.h; path = FIRErrors.h; sourceTree = "<group>"; };
		63CC628E2298D628009B58F2 /* FIRAnalyticsConfiguration+Internal.h */ = {isa = PBXFileReference; lastKnownFileType = sourcecode.c.h; path = "FIRAnalyticsConfiguration+Internal.h"; sourceTree = "<group>"; };
		63CC628F2298D628009B58F2 /* FIRComponent.h */ = {isa = PBXFileReference; lastKnownFileType = sourcecode.c.h; path = FIRComponent.h; sourceTree = "<group>"; };
		63CC62902298D628009B58F2 /* FIRAppAssociationRegistration.h */ = {isa = PBXFileReference; lastKnownFileType = sourcecode.c.h; path = FIRAppAssociationRegistration.h; sourceTree = "<group>"; };
		63CC62912298D628009B58F2 /* FIRComponentContainerInternal.h */ = {isa = PBXFileReference; lastKnownFileType = sourcecode.c.h; path = FIRComponentContainerInternal.h; sourceTree = "<group>"; };
		63CC62922298D628009B58F2 /* FIRLibrary.h */ = {isa = PBXFileReference; lastKnownFileType = sourcecode.c.h; path = FIRLibrary.h; sourceTree = "<group>"; };
		63CC62932298D628009B58F2 /* FIRVersion.h */ = {isa = PBXFileReference; lastKnownFileType = sourcecode.c.h; path = FIRVersion.h; sourceTree = "<group>"; };
		63CC62942298D628009B58F2 /* FIRComponentContainer.m */ = {isa = PBXFileReference; lastKnownFileType = sourcecode.c.objc; path = FIRComponentContainer.m; sourceTree = "<group>"; };
		63CC62952298D628009B58F2 /* FIRComponentType.m */ = {isa = PBXFileReference; lastKnownFileType = sourcecode.c.objc; path = FIRComponentType.m; sourceTree = "<group>"; };
		63CC62962298D628009B58F2 /* FIRLogger.m */ = {isa = PBXFileReference; lastKnownFileType = sourcecode.c.objc; path = FIRLogger.m; sourceTree = "<group>"; };
		63CC62972298D628009B58F2 /* FIRBundleUtil.m */ = {isa = PBXFileReference; lastKnownFileType = sourcecode.c.objc; path = FIRBundleUtil.m; sourceTree = "<group>"; };
		63CC62982298D628009B58F2 /* FIRDependency.m */ = {isa = PBXFileReference; lastKnownFileType = sourcecode.c.objc; path = FIRDependency.m; sourceTree = "<group>"; };
		63CC629B2298D628009B58F2 /* Pods-app2okanenogakkoTests-acknowledgements.markdown */ = {isa = PBXFileReference; lastKnownFileType = net.daringfireball.markdown; path = "Pods-app2okanenogakkoTests-acknowledgements.markdown"; sourceTree = "<group>"; };
		63CC629C2298D628009B58F2 /* Pods-app2okanenogakkoTests-dummy.m */ = {isa = PBXFileReference; lastKnownFileType = sourcecode.c.objc; path = "Pods-app2okanenogakkoTests-dummy.m"; sourceTree = "<group>"; };
		63CC629D2298D628009B58F2 /* Pods-app2okanenogakkoTests-frameworks.sh */ = {isa = PBXFileReference; lastKnownFileType = text.script.sh; path = "Pods-app2okanenogakkoTests-frameworks.sh"; sourceTree = "<group>"; };
		63CC629E2298D628009B58F2 /* Pods-app2okanenogakkoTests-resources.sh */ = {isa = PBXFileReference; lastKnownFileType = text.script.sh; path = "Pods-app2okanenogakkoTests-resources.sh"; sourceTree = "<group>"; };
		63CC629F2298D628009B58F2 /* Pods-app2okanenogakkoTests-acknowledgements.plist */ = {isa = PBXFileReference; lastKnownFileType = text.plist.xml; path = "Pods-app2okanenogakkoTests-acknowledgements.plist"; sourceTree = "<group>"; };
		63CC62A02298D628009B58F2 /* Pods-app2okanenogakkoTests.release.xcconfig */ = {isa = PBXFileReference; lastKnownFileType = text.xcconfig; path = "Pods-app2okanenogakkoTests.release.xcconfig"; sourceTree = "<group>"; };
		63CC62A12298D628009B58F2 /* Pods-app2okanenogakkoTests-umbrella.h */ = {isa = PBXFileReference; lastKnownFileType = sourcecode.c.h; path = "Pods-app2okanenogakkoTests-umbrella.h"; sourceTree = "<group>"; };
		63CC62A22298D628009B58F2 /* Pods-app2okanenogakkoTests.modulemap */ = {isa = PBXFileReference; lastKnownFileType = "sourcecode.module-map"; path = "Pods-app2okanenogakkoTests.modulemap"; sourceTree = "<group>"; };
		63CC62A32298D628009B58F2 /* Pods-app2okanenogakkoTests.debug.xcconfig */ = {isa = PBXFileReference; lastKnownFileType = text.xcconfig; path = "Pods-app2okanenogakkoTests.debug.xcconfig"; sourceTree = "<group>"; };
		63CC62A42298D628009B58F2 /* Info.plist */ = {isa = PBXFileReference; lastKnownFileType = text.plist.xml; path = Info.plist; sourceTree = "<group>"; };
		63CC62A62298D628009B58F2 /* FirebaseCore-dummy.m */ = {isa = PBXFileReference; lastKnownFileType = sourcecode.c.objc; path = "FirebaseCore-dummy.m"; sourceTree = "<group>"; };
		63CC62A72298D628009B58F2 /* FirebaseCore.xcconfig */ = {isa = PBXFileReference; lastKnownFileType = text.xcconfig; path = FirebaseCore.xcconfig; sourceTree = "<group>"; };
		63CC62A82298D628009B58F2 /* FirebaseCore.modulemap */ = {isa = PBXFileReference; lastKnownFileType = "sourcecode.module-map"; path = FirebaseCore.modulemap; sourceTree = "<group>"; };
		63CC62A92298D628009B58F2 /* FirebaseCore-umbrella.h */ = {isa = PBXFileReference; lastKnownFileType = sourcecode.c.h; path = "FirebaseCore-umbrella.h"; sourceTree = "<group>"; };
		63CC62AB2298D628009B58F2 /* Pods-app2okanenogakko-acknowledgements.plist */ = {isa = PBXFileReference; lastKnownFileType = text.plist.xml; path = "Pods-app2okanenogakko-acknowledgements.plist"; sourceTree = "<group>"; };
		63CC62AC2298D628009B58F2 /* Pods-app2okanenogakko-umbrella.h */ = {isa = PBXFileReference; lastKnownFileType = sourcecode.c.h; path = "Pods-app2okanenogakko-umbrella.h"; sourceTree = "<group>"; };
		63CC62AD2298D628009B58F2 /* Pods-app2okanenogakko-dummy.m */ = {isa = PBXFileReference; lastKnownFileType = sourcecode.c.objc; path = "Pods-app2okanenogakko-dummy.m"; sourceTree = "<group>"; };
		63CC62AE2298D628009B58F2 /* Pods-app2okanenogakko-frameworks.sh */ = {isa = PBXFileReference; lastKnownFileType = text.script.sh; path = "Pods-app2okanenogakko-frameworks.sh"; sourceTree = "<group>"; };
		63CC62AF2298D628009B58F2 /* Pods-app2okanenogakko.debug.xcconfig */ = {isa = PBXFileReference; lastKnownFileType = text.xcconfig; path = "Pods-app2okanenogakko.debug.xcconfig"; sourceTree = "<group>"; };
		63CC62B02298D628009B58F2 /* Pods-app2okanenogakko.release.xcconfig */ = {isa = PBXFileReference; lastKnownFileType = text.xcconfig; path = "Pods-app2okanenogakko.release.xcconfig"; sourceTree = "<group>"; };
		63CC62B12298D628009B58F2 /* Pods-app2okanenogakko.modulemap */ = {isa = PBXFileReference; lastKnownFileType = "sourcecode.module-map"; path = "Pods-app2okanenogakko.modulemap"; sourceTree = "<group>"; };
		63CC62B22298D628009B58F2 /* Pods-app2okanenogakko-resources.sh */ = {isa = PBXFileReference; lastKnownFileType = text.script.sh; path = "Pods-app2okanenogakko-resources.sh"; sourceTree = "<group>"; };
		63CC62B32298D628009B58F2 /* Info.plist */ = {isa = PBXFileReference; lastKnownFileType = text.plist.xml; path = Info.plist; sourceTree = "<group>"; };
		63CC62B42298D628009B58F2 /* Pods-app2okanenogakko-acknowledgements.markdown */ = {isa = PBXFileReference; lastKnownFileType = net.daringfireball.markdown; path = "Pods-app2okanenogakko-acknowledgements.markdown"; sourceTree = "<group>"; };
		63CC62B62298D628009B58F2 /* Pods-app2okanenogakkoUITests.release.xcconfig */ = {isa = PBXFileReference; lastKnownFileType = text.xcconfig; path = "Pods-app2okanenogakkoUITests.release.xcconfig"; sourceTree = "<group>"; };
		63CC62B72298D628009B58F2 /* Pods-app2okanenogakkoUITests.modulemap */ = {isa = PBXFileReference; lastKnownFileType = "sourcecode.module-map"; path = "Pods-app2okanenogakkoUITests.modulemap"; sourceTree = "<group>"; };
		63CC62B82298D628009B58F2 /* Pods-app2okanenogakkoUITests-resources.sh */ = {isa = PBXFileReference; lastKnownFileType = text.script.sh; path = "Pods-app2okanenogakkoUITests-resources.sh"; sourceTree = "<group>"; };
		63CC62B92298D628009B58F2 /* Pods-app2okanenogakkoUITests-acknowledgements.markdown */ = {isa = PBXFileReference; lastKnownFileType = net.daringfireball.markdown; path = "Pods-app2okanenogakkoUITests-acknowledgements.markdown"; sourceTree = "<group>"; };
		63CC62BA2298D628009B58F2 /* Pods-app2okanenogakkoUITests.debug.xcconfig */ = {isa = PBXFileReference; lastKnownFileType = text.xcconfig; path = "Pods-app2okanenogakkoUITests.debug.xcconfig"; sourceTree = "<group>"; };
		63CC62BB2298D628009B58F2 /* Pods-app2okanenogakkoUITests-umbrella.h */ = {isa = PBXFileReference; lastKnownFileType = sourcecode.c.h; path = "Pods-app2okanenogakkoUITests-umbrella.h"; sourceTree = "<group>"; };
		63CC62BC2298D628009B58F2 /* Pods-app2okanenogakkoUITests-dummy.m */ = {isa = PBXFileReference; lastKnownFileType = sourcecode.c.objc; path = "Pods-app2okanenogakkoUITests-dummy.m"; sourceTree = "<group>"; };
		63CC62BD2298D628009B58F2 /* Pods-app2okanenogakkoUITests-acknowledgements.plist */ = {isa = PBXFileReference; lastKnownFileType = text.plist.xml; path = "Pods-app2okanenogakkoUITests-acknowledgements.plist"; sourceTree = "<group>"; };
		63CC62BE2298D628009B58F2 /* Info.plist */ = {isa = PBXFileReference; lastKnownFileType = text.plist.xml; path = Info.plist; sourceTree = "<group>"; };
		63CC62BF2298D628009B58F2 /* Pods-app2okanenogakkoUITests-frameworks.sh */ = {isa = PBXFileReference; lastKnownFileType = text.script.sh; path = "Pods-app2okanenogakkoUITests-frameworks.sh"; sourceTree = "<group>"; };
		63CC62C12298D628009B58F2 /* GoogleUtilities-prefix.pch */ = {isa = PBXFileReference; lastKnownFileType = sourcecode.c.h; path = "GoogleUtilities-prefix.pch"; sourceTree = "<group>"; };
		63CC62C22298D628009B58F2 /* GoogleUtilities.xcconfig */ = {isa = PBXFileReference; lastKnownFileType = text.xcconfig; path = GoogleUtilities.xcconfig; sourceTree = "<group>"; };
		63CC62C32298D628009B58F2 /* GoogleUtilities-umbrella.h */ = {isa = PBXFileReference; lastKnownFileType = sourcecode.c.h; path = "GoogleUtilities-umbrella.h"; sourceTree = "<group>"; };
		63CC62C42298D628009B58F2 /* GoogleUtilities.modulemap */ = {isa = PBXFileReference; lastKnownFileType = "sourcecode.module-map"; path = GoogleUtilities.modulemap; sourceTree = "<group>"; };
		63CC62C52298D628009B58F2 /* GoogleUtilities-dummy.m */ = {isa = PBXFileReference; lastKnownFileType = sourcecode.c.objc; path = "GoogleUtilities-dummy.m"; sourceTree = "<group>"; };
		63CC62C62298D628009B58F2 /* Info.plist */ = {isa = PBXFileReference; lastKnownFileType = text.plist.xml; path = Info.plist; sourceTree = "<group>"; };
		63CC62C82298D628009B58F2 /* nanopb-dummy.m */ = {isa = PBXFileReference; lastKnownFileType = sourcecode.c.objc; path = "nanopb-dummy.m"; sourceTree = "<group>"; };
		63CC62C92298D628009B58F2 /* nanopb.modulemap */ = {isa = PBXFileReference; lastKnownFileType = "sourcecode.module-map"; path = nanopb.modulemap; sourceTree = "<group>"; };
		63CC62CA2298D628009B58F2 /* nanopb.xcconfig */ = {isa = PBXFileReference; lastKnownFileType = text.xcconfig; path = nanopb.xcconfig; sourceTree = "<group>"; };
		63CC62CB2298D628009B58F2 /* nanopb-prefix.pch */ = {isa = PBXFileReference; lastKnownFileType = sourcecode.c.h; path = "nanopb-prefix.pch"; sourceTree = "<group>"; };
		63CC62CC2298D628009B58F2 /* nanopb-umbrella.h */ = {isa = PBXFileReference; lastKnownFileType = sourcecode.c.h; path = "nanopb-umbrella.h"; sourceTree = "<group>"; };
		63CC62CD2298D628009B58F2 /* Info.plist */ = {isa = PBXFileReference; lastKnownFileType = text.plist.xml; path = Info.plist; sourceTree = "<group>"; };
		63CC62CE2298D628009B58F2 /* Manifest.lock */ = {isa = PBXFileReference; lastKnownFileType = text; path = Manifest.lock; sourceTree = "<group>"; };
		63CC62D02298D628009B58F2 /* CHANGELOG.md */ = {isa = PBXFileReference; lastKnownFileType = net.daringfireball.markdown; path = CHANGELOG.md; sourceTree = "<group>"; };
		63CC62D12298D628009B58F2 /* README.md */ = {isa = PBXFileReference; lastKnownFileType = net.daringfireball.markdown; path = README.md; sourceTree = "<group>"; };
		63CC62D32298D628009B58F2 /* FirebaseInstanceID.framework */ = {isa = PBXFileReference; lastKnownFileType = wrapper.framework; path = FirebaseInstanceID.framework; sourceTree = "<group>"; };
		63CC62D82298D628009B58F2 /* Firebase.h */ = {isa = PBXFileReference; lastKnownFileType = sourcecode.c.h; path = Firebase.h; sourceTree = "<group>"; };
		63CC62D92298D628009B58F2 /* module.modulemap */ = {isa = PBXFileReference; lastKnownFileType = "sourcecode.module-map"; path = module.modulemap; sourceTree = "<group>"; };
		63CC62DA2298D628009B58F2 /* README.md */ = {isa = PBXFileReference; lastKnownFileType = net.daringfireball.markdown; path = README.md; sourceTree = "<group>"; };
		63CC62DE2298D628009B58F2 /* Firebase.h */ = {isa = PBXFileReference; lastKnownFileType = sourcecode.c.h; path = Firebase.h; sourceTree = "<group>"; };
		63CC62E12298D628009B58F2 /* Firebase.h */ = {isa = PBXFileReference; lastKnownFileType = sourcecode.c.h; path = Firebase.h; sourceTree = "<group>"; };
		63CC62E42298D628009B58F2 /* FirebaseAnalytics.framework */ = {isa = PBXFileReference; lastKnownFileType = wrapper.framework; path = FirebaseAnalytics.framework; sourceTree = "<group>"; };
		63CC62E52298D628009B58F2 /* FIRAnalyticsConnector.framework */ = {isa = PBXFileReference; lastKnownFileType = wrapper.framework; path = FIRAnalyticsConnector.framework; sourceTree = "<group>"; };
		63CC62E62298D628009B58F2 /* FirebaseCoreDiagnostics.framework */ = {isa = PBXFileReference; lastKnownFileType = wrapper.framework; path = FirebaseCoreDiagnostics.framework; sourceTree = "<group>"; };
		63CC62E82298D628009B58F2 /* LICENSE */ = {isa = PBXFileReference; lastKnownFileType = text; path = LICENSE; sourceTree = "<group>"; };
		63CC62E92298D628009B58F2 /* README.md */ = {isa = PBXFileReference; lastKnownFileType = net.daringfireball.markdown; path = README.md; sourceTree = "<group>"; };
		63CC62ED2298D628009B58F2 /* GULUserDefaults.h */ = {isa = PBXFileReference; lastKnownFileType = sourcecode.c.h; path = GULUserDefaults.h; sourceTree = "<group>"; };
		63CC62EE2298D628009B58F2 /* GULUserDefaults.m */ = {isa = PBXFileReference; lastKnownFileType = sourcecode.c.objc; path = GULUserDefaults.m; sourceTree = "<group>"; };
		63CC62F02298D628009B58F2 /* GULSwizzler.m */ = {isa = PBXFileReference; lastKnownFileType = sourcecode.c.objc; path = GULSwizzler.m; sourceTree = "<group>"; };
		63CC62F22298D628009B58F2 /* GULSwizzler.h */ = {isa = PBXFileReference; lastKnownFileType = sourcecode.c.h; path = GULSwizzler.h; sourceTree = "<group>"; };
		63CC62F32298D628009B58F2 /* GULOriginalIMPConvenienceMacros.h */ = {isa = PBXFileReference; lastKnownFileType = sourcecode.c.h; path = GULOriginalIMPConvenienceMacros.h; sourceTree = "<group>"; };
		63CC62F52298D628009B58F2 /* GULLogger.m */ = {isa = PBXFileReference; lastKnownFileType = sourcecode.c.objc; path = GULLogger.m; sourceTree = "<group>"; };
		63CC62F72298D628009B58F2 /* GULLoggerLevel.h */ = {isa = PBXFileReference; lastKnownFileType = sourcecode.c.h; path = GULLoggerLevel.h; sourceTree = "<group>"; };
		63CC62F92298D628009B58F2 /* GULLogger.h */ = {isa = PBXFileReference; lastKnownFileType = sourcecode.c.h; path = GULLogger.h; sourceTree = "<group>"; };
		63CC62FB2298D628009B58F2 /* GULNetworkConstants.m */ = {isa = PBXFileReference; lastKnownFileType = sourcecode.c.objc; path = GULNetworkConstants.m; sourceTree = "<group>"; };
		63CC62FD2298D628009B58F2 /* GULNetworkMessageCode.h */ = {isa = PBXFileReference; lastKnownFileType = sourcecode.c.h; path = GULNetworkMessageCode.h; sourceTree = "<group>"; };
		63CC62FE2298D628009B58F2 /* GULMutableDictionary.h */ = {isa = PBXFileReference; lastKnownFileType = sourcecode.c.h; path = GULMutableDictionary.h; sourceTree = "<group>"; };
		63CC62FF2298D628009B58F2 /* GULNetworkURLSession.h */ = {isa = PBXFileReference; lastKnownFileType = sourcecode.c.h; path = GULNetworkURLSession.h; sourceTree = "<group>"; };
		63CC63002298D628009B58F2 /* GULNetworkLoggerProtocol.h */ = {isa = PBXFileReference; lastKnownFileType = sourcecode.c.h; path = GULNetworkLoggerProtocol.h; sourceTree = "<group>"; };
		63CC63012298D628009B58F2 /* GULNetwork.h */ = {isa = PBXFileReference; lastKnownFileType = sourcecode.c.h; path = GULNetwork.h; sourceTree = "<group>"; };
		63CC63022298D628009B58F2 /* GULNetworkConstants.h */ = {isa = PBXFileReference; lastKnownFileType = sourcecode.c.h; path = GULNetworkConstants.h; sourceTree = "<group>"; };
		63CC63032298D628009B58F2 /* GULMutableDictionary.m */ = {isa = PBXFileReference; lastKnownFileType = sourcecode.c.objc; path = GULMutableDictionary.m; sourceTree = "<group>"; };
		63CC63042298D628009B58F2 /* GULNetworkURLSession.m */ = {isa = PBXFileReference; lastKnownFileType = sourcecode.c.objc; path = GULNetworkURLSession.m; sourceTree = "<group>"; };
		63CC63052298D628009B58F2 /* GULNetwork.m */ = {isa = PBXFileReference; lastKnownFileType = sourcecode.c.objc; path = GULNetwork.m; sourceTree = "<group>"; };
		63CC63072298D628009B58F2 /* GULLoggerCodes.h */ = {isa = PBXFileReference; lastKnownFileType = sourcecode.c.h; path = GULLoggerCodes.h; sourceTree = "<group>"; };
		63CC63092298D628009B58F2 /* GULReachabilityChecker.m */ = {isa = PBXFileReference; lastKnownFileType = sourcecode.c.objc; path = GULReachabilityChecker.m; sourceTree = "<group>"; };
		63CC630A2298D628009B58F2 /* GULReachabilityChecker+Internal.h */ = {isa = PBXFileReference; lastKnownFileType = sourcecode.c.h; path = "GULReachabilityChecker+Internal.h"; sourceTree = "<group>"; };
		63CC630C2298D628009B58F2 /* GULReachabilityMessageCode.h */ = {isa = PBXFileReference; lastKnownFileType = sourcecode.c.h; path = GULReachabilityMessageCode.h; sourceTree = "<group>"; };
		63CC630D2298D628009B58F2 /* GULReachabilityChecker.h */ = {isa = PBXFileReference; lastKnownFileType = sourcecode.c.h; path = GULReachabilityChecker.h; sourceTree = "<group>"; };
		63CC63102298D628009B58F2 /* GULAppDelegateSwizzler_Private.h */ = {isa = PBXFileReference; lastKnownFileType = sourcecode.c.h; path = GULAppDelegateSwizzler_Private.h; sourceTree = "<group>"; };
		63CC63122298D628009B58F2 /* GULAppDelegateSwizzler.h */ = {isa = PBXFileReference; lastKnownFileType = sourcecode.c.h; path = GULAppDelegateSwizzler.h; sourceTree = "<group>"; };
		63CC63132298D628009B58F2 /* GULAppDelegateSwizzler.m */ = {isa = PBXFileReference; lastKnownFileType = sourcecode.c.objc; path = GULAppDelegateSwizzler.m; sourceTree = "<group>"; };
		63CC63162298D628009B58F2 /* GULAppEnvironmentUtil.h */ = {isa = PBXFileReference; lastKnownFileType = sourcecode.c.h; path = GULAppEnvironmentUtil.h; sourceTree = "<group>"; };
		63CC63172298D628009B58F2 /* GULAppEnvironmentUtil.m */ = {isa = PBXFileReference; lastKnownFileType = sourcecode.c.objc; path = GULAppEnvironmentUtil.m; sourceTree = "<group>"; };
		63CC63192298D628009B58F2 /* GULNSData+zlib.m */ = {isa = PBXFileReference; lastKnownFileType = sourcecode.c.objc; path = "GULNSData+zlib.m"; sourceTree = "<group>"; };
		63CC631A2298D628009B58F2 /* GULNSData+zlib.h */ = {isa = PBXFileReference; lastKnownFileType = sourcecode.c.h; path = "GULNSData+zlib.h"; sourceTree = "<group>"; };
		63CC631C2298D628009B58F2 /* pb_common.c */ = {isa = PBXFileReference; lastKnownFileType = sourcecode.c.c; path = pb_common.c; sourceTree = "<group>"; };
		63CC631D2298D628009B58F2 /* pb_decode.c */ = {isa = PBXFileReference; lastKnownFileType = sourcecode.c.c; path = pb_decode.c; sourceTree = "<group>"; };
		63CC631E2298D628009B58F2 /* pb_encode.c */ = {isa = PBXFileReference; lastKnownFileType = sourcecode.c.c; path = pb_encode.c; sourceTree = "<group>"; };
		63CC631F2298D628009B58F2 /* README.md */ = {isa = PBXFileReference; lastKnownFileType = net.daringfireball.markdown; path = README.md; sourceTree = "<group>"; };
		63CC63202298D628009B58F2 /* pb_common.h */ = {isa = PBXFileReference; lastKnownFileType = sourcecode.c.h; path = pb_common.h; sourceTree = "<group>"; };
		63CC63212298D628009B58F2 /* pb.h */ = {isa = PBXFileReference; lastKnownFileType = sourcecode.c.h; path = pb.h; sourceTree = "<group>"; };
		63CC63222298D628009B58F2 /* LICENSE.txt */ = {isa = PBXFileReference; lastKnownFileType = text; path = LICENSE.txt; sourceTree = "<group>"; };
		63CC63232298D628009B58F2 /* pb_encode.h */ = {isa = PBXFileReference; lastKnownFileType = sourcecode.c.h; path = pb_encode.h; sourceTree = "<group>"; };
		63CC63242298D628009B58F2 /* pb_decode.h */ = {isa = PBXFileReference; lastKnownFileType = sourcecode.c.h; path = pb_decode.h; sourceTree = "<group>"; };
		63CC63272298D629009B58F2 /* GoogleAppMeasurement.framework */ = {isa = PBXFileReference; lastKnownFileType = wrapper.framework; path = GoogleAppMeasurement.framework; sourceTree = "<group>"; };
		63D6E2DC22D0D6FF002BA130 /* GoogleService-Info.plist */ = {isa = PBXFileReference; fileEncoding = 4; lastKnownFileType = text.plist.xml; path = "GoogleService-Info.plist"; sourceTree = "<group>"; };
		63F355042294EAE500059363 /* logo.png */ = {isa = PBXFileReference; lastKnownFileType = image.png; path = logo.png; sourceTree = "<group>"; };
		63F355082294F1A700059363 /* MenuController.swift */ = {isa = PBXFileReference; fileEncoding = 4; lastKnownFileType = sourcecode.swift; path = MenuController.swift; sourceTree = "<group>"; };
		63F3550A2294F22D00059363 /* MenuOption.swift */ = {isa = PBXFileReference; fileEncoding = 4; lastKnownFileType = sourcecode.swift; name = MenuOption.swift; path = image/MenuOption.swift; sourceTree = "<group>"; };
		63F3550C2294F2CD00059363 /* MenuOptionCell.swift */ = {isa = PBXFileReference; fileEncoding = 4; lastKnownFileType = sourcecode.swift; path = MenuOptionCell.swift; sourceTree = "<group>"; };
		6579B3599998473C84448A58 /* Pods-app2okanenogakkoUITests.debug.xcconfig */ = {isa = PBXFileReference; includeInIndex = 1; lastKnownFileType = text.xcconfig; name = "Pods-app2okanenogakkoUITests.debug.xcconfig"; path = "Pods/Target Support Files/Pods-app2okanenogakkoUITests/Pods-app2okanenogakkoUITests.debug.xcconfig"; sourceTree = "<group>"; };
		D540B670E2B5ADCBA31B68B2 /* Pods-app2okanenogakkoUITests.release.xcconfig */ = {isa = PBXFileReference; includeInIndex = 1; lastKnownFileType = text.xcconfig; name = "Pods-app2okanenogakkoUITests.release.xcconfig"; path = "Pods/Target Support Files/Pods-app2okanenogakkoUITests/Pods-app2okanenogakkoUITests.release.xcconfig"; sourceTree = "<group>"; };
		DBFB769449135716D0443362 /* Pods-app2okanenogakko.release.xcconfig */ = {isa = PBXFileReference; includeInIndex = 1; lastKnownFileType = text.xcconfig; name = "Pods-app2okanenogakko.release.xcconfig"; path = "Pods/Target Support Files/Pods-app2okanenogakko/Pods-app2okanenogakko.release.xcconfig"; sourceTree = "<group>"; };
		E73091456BB92F3DF31D5E53 /* Pods_app2okanenogakko.framework */ = {isa = PBXFileReference; explicitFileType = wrapper.framework; includeInIndex = 0; path = Pods_app2okanenogakko.framework; sourceTree = BUILT_PRODUCTS_DIR; };
/* End PBXFileReference section */

/* Begin PBXFrameworksBuildPhase section */
		63C4108E2294DE560079DC08 /* Frameworks */ = {
			isa = PBXFrameworksBuildPhase;
			buildActionMask = 2147483647;
			files = (
				F58D2641432DBABF1E66C007 /* Pods_app2okanenogakko.framework in Frameworks */,
			);
			runOnlyForDeploymentPostprocessing = 0;
		};
		63C410A42294DE590079DC08 /* Frameworks */ = {
			isa = PBXFrameworksBuildPhase;
			buildActionMask = 2147483647;
			files = (
				7D318211B73023E1FC65460B /* Pods_app2okanenogakkoTests.framework in Frameworks */,
			);
			runOnlyForDeploymentPostprocessing = 0;
		};
		63C410AF2294DE590079DC08 /* Frameworks */ = {
			isa = PBXFrameworksBuildPhase;
			buildActionMask = 2147483647;
			files = (
				23E50B3FB16A02652EC6BF43 /* Pods_app2okanenogakkoUITests.framework in Frameworks */,
			);
			runOnlyForDeploymentPostprocessing = 0;
		};
/* End PBXFrameworksBuildPhase section */

/* Begin PBXGroup section */
		584732E71013F56569785EBA /* Pods */ = {
			isa = PBXGroup;
			children = (
				1765B6DB3FEC330FCD554C4B /* Pods-app2okanenogakko.debug.xcconfig */,
				DBFB769449135716D0443362 /* Pods-app2okanenogakko.release.xcconfig */,
				18C5C56F16A41BAC2DE9A29D /* Pods-app2okanenogakkoTests.debug.xcconfig */,
				27AB8D766FD493085C4F6B31 /* Pods-app2okanenogakkoTests.release.xcconfig */,
				6579B3599998473C84448A58 /* Pods-app2okanenogakkoUITests.debug.xcconfig */,
				D540B670E2B5ADCBA31B68B2 /* Pods-app2okanenogakkoUITests.release.xcconfig */,
			);
			name = Pods;
			sourceTree = "<group>";
		};
		63C410882294DE560079DC08 = {
			isa = PBXGroup;
			children = (
				63C410932294DE560079DC08 /* app2okanenogakko */,
				63C410AA2294DE590079DC08 /* app2okanenogakkoTests */,
				63C410B52294DE590079DC08 /* app2okanenogakkoUITests */,
				63C410922294DE560079DC08 /* Products */,
				584732E71013F56569785EBA /* Pods */,
				F8099ACF015260FE1DCF4A61 /* Frameworks */,
			);
			sourceTree = "<group>";
		};
		63C410922294DE560079DC08 /* Products */ = {
			isa = PBXGroup;
			children = (
				63C410912294DE560079DC08 /* app2okanenogakko.app */,
				63C410A72294DE590079DC08 /* app2okanenogakkoTests.xctest */,
				63C410B22294DE590079DC08 /* app2okanenogakkoUITests.xctest */,
			);
			name = Products;
			sourceTree = "<group>";
		};
		63C410932294DE560079DC08 /* app2okanenogakko */ = {
			isa = PBXGroup;
			children = (
				63204D0922DDBF24001AA8BE /* Main.storyboard */,
				639E912E2298FCCD00A436AF /* app2okanenogakko.entitlements */,
				63D6E2DC22D0D6FF002BA130 /* GoogleService-Info.plist */,
				63F355082294F1A700059363 /* MenuController.swift */,
				63F3550A2294F22D00059363 /* MenuOption.swift */,
				63F355032294EAB100059363 /* image */,
				63C410942294DE560079DC08 /* AppDelegate.swift */,
				63C410962294DE560079DC08 /* FirstViewController.swift */,
				6391AF16229668AB007128BF /* AbstractViewController.swift */,
				63C410982294DE560079DC08 /* SecondViewController.swift */,
				63F3550C2294F2CD00059363 /* MenuOptionCell.swift */,
				63C4109D2294DE590079DC08 /* Assets.xcassets */,
				63C4109F2294DE590079DC08 /* LaunchScreen.storyboard */,
				63C410A22294DE590079DC08 /* Info.plist */,
				633F86B022CD121F0098A866 /* InfoListTableViewController.swift */,
				63BCAF4022DCD7A20014036A /* InfoDetailViewController.swift */,
			);
			path = app2okanenogakko;
			sourceTree = "<group>";
		};
		63C410AA2294DE590079DC08 /* app2okanenogakkoTests */ = {
			isa = PBXGroup;
			children = (
				63C410AB2294DE590079DC08 /* app2okanenogakkoTests.swift */,
				63C410AD2294DE590079DC08 /* Info.plist */,
			);
			path = app2okanenogakkoTests;
			sourceTree = "<group>";
		};
		63C410B52294DE590079DC08 /* app2okanenogakkoUITests */ = {
			isa = PBXGroup;
			children = (
				63C410B62294DE590079DC08 /* app2okanenogakkoUITests.swift */,
				63C410B82294DE590079DC08 /* Info.plist */,
			);
			path = app2okanenogakkoUITests;
			sourceTree = "<group>";
		};
		63CC626C2298D628009B58F2 /* Pods */ = {
			isa = PBXGroup;
			children = (
				63CC626D2298D628009B58F2 /* Pods.xcodeproj */,
				63CC62702298D628009B58F2 /* FirebaseCore */,
				63CC62992298D628009B58F2 /* Target Support Files */,
				63CC62CE2298D628009B58F2 /* Manifest.lock */,
				63CC62CF2298D628009B58F2 /* FirebaseInstanceID */,
				63CC62D42298D628009B58F2 /* Local Podspecs */,
				63CC62D52298D628009B58F2 /* Firebase */,
				63CC62DB2298D628009B58F2 /* Headers */,
				63CC62E22298D628009B58F2 /* FirebaseAnalytics */,
				63CC62E72298D628009B58F2 /* GoogleUtilities */,
				63CC631B2298D628009B58F2 /* nanopb */,
				63CC63252298D628009B58F2 /* GoogleAppMeasurement */,
			);
			path = Pods;
			sourceTree = "<group>";
		};
		63CC626E2298D628009B58F2 /* Products */ = {
			isa = PBXGroup;
			children = (
				63CC632F2298D629009B58F2 /* FirebaseCore.framework */,
				63BCAF4E22DCD7A40014036A /* FirebaseDatabase.framework */,
				633F869922CD05C50098A866 /* FirebaseInstanceID.framework */,
				638A9F002299693500BB51C2 /* FirebaseMessaging.framework */,
				63CC63312298D629009B58F2 /* GoogleUtilities.framework */,
				63BCAF5022DCD7A40014036A /* leveldb.framework */,
				63CC63332298D629009B58F2 /* nanopb.framework */,
				63CC63352298D629009B58F2 /* Pods_app2okanenogakko.framework */,
				63CC63372298D629009B58F2 /* Pods_app2okanenogakkoTests.framework */,
				63CC63392298D629009B58F2 /* Pods_app2okanenogakkoUITests.framework */,
				638A9F022299693500BB51C2 /* Protobuf.framework */,
			);
			name = Products;
			sourceTree = "<group>";
		};
		63CC62702298D628009B58F2 /* FirebaseCore */ = {
			isa = PBXGroup;
			children = (
				63CC62712298D628009B58F2 /* LICENSE */,
				63CC62722298D628009B58F2 /* README.md */,
				63CC62732298D628009B58F2 /* Firebase */,
			);
			path = FirebaseCore;
			sourceTree = "<group>";
		};
		63CC62732298D628009B58F2 /* Firebase */ = {
			isa = PBXGroup;
			children = (
				63CC62742298D628009B58F2 /* Core */,
			);
			path = Firebase;
			sourceTree = "<group>";
		};
		63CC62742298D628009B58F2 /* Core */ = {
			isa = PBXGroup;
			children = (
				63CC62752298D628009B58F2 /* FIRErrors.m */,
				63CC62762298D628009B58F2 /* FIRConfiguration.m */,
				63CC62772298D628009B58F2 /* FIRApp.m */,
				63CC62782298D628009B58F2 /* FIROptions.m */,
				63CC62792298D628009B58F2 /* FIRAppAssociationRegistration.m */,
				63CC627A2298D628009B58F2 /* FIRComponent.m */,
				63CC627B2298D628009B58F2 /* FIRAnalyticsConfiguration.m */,
				63CC627C2298D628009B58F2 /* FIRVersion.m */,
				63CC627D2298D628009B58F2 /* Public */,
				63CC62842298D628009B58F2 /* Private */,
				63CC62942298D628009B58F2 /* FIRComponentContainer.m */,
				63CC62952298D628009B58F2 /* FIRComponentType.m */,
				63CC62962298D628009B58F2 /* FIRLogger.m */,
				63CC62972298D628009B58F2 /* FIRBundleUtil.m */,
				63CC62982298D628009B58F2 /* FIRDependency.m */,
			);
			path = Core;
			sourceTree = "<group>";
		};
		63CC627D2298D628009B58F2 /* Public */ = {
			isa = PBXGroup;
			children = (
				63CC627E2298D628009B58F2 /* FIRConfiguration.h */,
				63CC627F2298D628009B58F2 /* FIROptions.h */,
				63CC62802298D628009B58F2 /* FIRApp.h */,
				63CC62812298D628009B58F2 /* FIRLoggerLevel.h */,
				63CC62822298D628009B58F2 /* FIRAnalyticsConfiguration.h */,
				63CC62832298D628009B58F2 /* FirebaseCore.h */,
			);
			path = Public;
			sourceTree = "<group>";
		};
		63CC62842298D628009B58F2 /* Private */ = {
			isa = PBXGroup;
			children = (
				63CC62852298D628009B58F2 /* FIRComponentContainer.h */,
				63CC62862298D628009B58F2 /* FIROptionsInternal.h */,
				63CC62872298D628009B58F2 /* FIRLogger.h */,
				63CC62882298D628009B58F2 /* FIRAppInternal.h */,
				63CC62892298D628009B58F2 /* FIRComponentType.h */,
				63CC628A2298D628009B58F2 /* FIRBundleUtil.h */,
				63CC628B2298D628009B58F2 /* FIRDependency.h */,
				63CC628C2298D628009B58F2 /* FIRErrorCode.h */,
				63CC628D2298D628009B58F2 /* FIRErrors.h */,
				63CC628E2298D628009B58F2 /* FIRAnalyticsConfiguration+Internal.h */,
				63CC628F2298D628009B58F2 /* FIRComponent.h */,
				63CC62902298D628009B58F2 /* FIRAppAssociationRegistration.h */,
				63CC62912298D628009B58F2 /* FIRComponentContainerInternal.h */,
				63CC62922298D628009B58F2 /* FIRLibrary.h */,
				63CC62932298D628009B58F2 /* FIRVersion.h */,
			);
			path = Private;
			sourceTree = "<group>";
		};
		63CC62992298D628009B58F2 /* Target Support Files */ = {
			isa = PBXGroup;
			children = (
				63CC629A2298D628009B58F2 /* Pods-app2okanenogakkoTests */,
				63CC62A52298D628009B58F2 /* FirebaseCore */,
				63CC62AA2298D628009B58F2 /* Pods-app2okanenogakko */,
				63CC62B52298D628009B58F2 /* Pods-app2okanenogakkoUITests */,
				63CC62C02298D628009B58F2 /* GoogleUtilities */,
				63CC62C72298D628009B58F2 /* nanopb */,
			);
			path = "Target Support Files";
			sourceTree = "<group>";
		};
		63CC629A2298D628009B58F2 /* Pods-app2okanenogakkoTests */ = {
			isa = PBXGroup;
			children = (
				63CC629B2298D628009B58F2 /* Pods-app2okanenogakkoTests-acknowledgements.markdown */,
				63CC629C2298D628009B58F2 /* Pods-app2okanenogakkoTests-dummy.m */,
				63CC629D2298D628009B58F2 /* Pods-app2okanenogakkoTests-frameworks.sh */,
				63CC629E2298D628009B58F2 /* Pods-app2okanenogakkoTests-resources.sh */,
				63CC629F2298D628009B58F2 /* Pods-app2okanenogakkoTests-acknowledgements.plist */,
				63CC62A02298D628009B58F2 /* Pods-app2okanenogakkoTests.release.xcconfig */,
				63CC62A12298D628009B58F2 /* Pods-app2okanenogakkoTests-umbrella.h */,
				63CC62A22298D628009B58F2 /* Pods-app2okanenogakkoTests.modulemap */,
				63CC62A32298D628009B58F2 /* Pods-app2okanenogakkoTests.debug.xcconfig */,
				63CC62A42298D628009B58F2 /* Info.plist */,
			);
			path = "Pods-app2okanenogakkoTests";
			sourceTree = "<group>";
		};
		63CC62A52298D628009B58F2 /* FirebaseCore */ = {
			isa = PBXGroup;
			children = (
				63CC62A62298D628009B58F2 /* FirebaseCore-dummy.m */,
				63CC62A72298D628009B58F2 /* FirebaseCore.xcconfig */,
				63CC62A82298D628009B58F2 /* FirebaseCore.modulemap */,
				63CC62A92298D628009B58F2 /* FirebaseCore-umbrella.h */,
			);
			path = FirebaseCore;
			sourceTree = "<group>";
		};
		63CC62AA2298D628009B58F2 /* Pods-app2okanenogakko */ = {
			isa = PBXGroup;
			children = (
				63CC62AB2298D628009B58F2 /* Pods-app2okanenogakko-acknowledgements.plist */,
				63CC62AC2298D628009B58F2 /* Pods-app2okanenogakko-umbrella.h */,
				63CC62AD2298D628009B58F2 /* Pods-app2okanenogakko-dummy.m */,
				63CC62AE2298D628009B58F2 /* Pods-app2okanenogakko-frameworks.sh */,
				63CC62AF2298D628009B58F2 /* Pods-app2okanenogakko.debug.xcconfig */,
				63CC62B02298D628009B58F2 /* Pods-app2okanenogakko.release.xcconfig */,
				63CC62B12298D628009B58F2 /* Pods-app2okanenogakko.modulemap */,
				63CC62B22298D628009B58F2 /* Pods-app2okanenogakko-resources.sh */,
				63CC62B32298D628009B58F2 /* Info.plist */,
				63CC62B42298D628009B58F2 /* Pods-app2okanenogakko-acknowledgements.markdown */,
			);
			path = "Pods-app2okanenogakko";
			sourceTree = "<group>";
		};
		63CC62B52298D628009B58F2 /* Pods-app2okanenogakkoUITests */ = {
			isa = PBXGroup;
			children = (
				63CC62B62298D628009B58F2 /* Pods-app2okanenogakkoUITests.release.xcconfig */,
				63CC62B72298D628009B58F2 /* Pods-app2okanenogakkoUITests.modulemap */,
				63CC62B82298D628009B58F2 /* Pods-app2okanenogakkoUITests-resources.sh */,
				63CC62B92298D628009B58F2 /* Pods-app2okanenogakkoUITests-acknowledgements.markdown */,
				63CC62BA2298D628009B58F2 /* Pods-app2okanenogakkoUITests.debug.xcconfig */,
				63CC62BB2298D628009B58F2 /* Pods-app2okanenogakkoUITests-umbrella.h */,
				63CC62BC2298D628009B58F2 /* Pods-app2okanenogakkoUITests-dummy.m */,
				63CC62BD2298D628009B58F2 /* Pods-app2okanenogakkoUITests-acknowledgements.plist */,
				63CC62BE2298D628009B58F2 /* Info.plist */,
				63CC62BF2298D628009B58F2 /* Pods-app2okanenogakkoUITests-frameworks.sh */,
			);
			path = "Pods-app2okanenogakkoUITests";
			sourceTree = "<group>";
		};
		63CC62C02298D628009B58F2 /* GoogleUtilities */ = {
			isa = PBXGroup;
			children = (
				63CC62C12298D628009B58F2 /* GoogleUtilities-prefix.pch */,
				63CC62C22298D628009B58F2 /* GoogleUtilities.xcconfig */,
				63CC62C32298D628009B58F2 /* GoogleUtilities-umbrella.h */,
				63CC62C42298D628009B58F2 /* GoogleUtilities.modulemap */,
				63CC62C52298D628009B58F2 /* GoogleUtilities-dummy.m */,
				63CC62C62298D628009B58F2 /* Info.plist */,
			);
			path = GoogleUtilities;
			sourceTree = "<group>";
		};
		63CC62C72298D628009B58F2 /* nanopb */ = {
			isa = PBXGroup;
			children = (
				63CC62C82298D628009B58F2 /* nanopb-dummy.m */,
				63CC62C92298D628009B58F2 /* nanopb.modulemap */,
				63CC62CA2298D628009B58F2 /* nanopb.xcconfig */,
				63CC62CB2298D628009B58F2 /* nanopb-prefix.pch */,
				63CC62CC2298D628009B58F2 /* nanopb-umbrella.h */,
				63CC62CD2298D628009B58F2 /* Info.plist */,
			);
			path = nanopb;
			sourceTree = "<group>";
		};
		63CC62CF2298D628009B58F2 /* FirebaseInstanceID */ = {
			isa = PBXGroup;
			children = (
				63CC62D02298D628009B58F2 /* CHANGELOG.md */,
				63CC62D12298D628009B58F2 /* README.md */,
				63CC62D22298D628009B58F2 /* Frameworks */,
			);
			path = FirebaseInstanceID;
			sourceTree = "<group>";
		};
		63CC62D22298D628009B58F2 /* Frameworks */ = {
			isa = PBXGroup;
			children = (
				63CC62D32298D628009B58F2 /* FirebaseInstanceID.framework */,
			);
			path = Frameworks;
			sourceTree = "<group>";
		};
		63CC62D42298D628009B58F2 /* Local Podspecs */ = {
			isa = PBXGroup;
			children = (
			);
			path = "Local Podspecs";
			sourceTree = "<group>";
		};
		63CC62D52298D628009B58F2 /* Firebase */ = {
			isa = PBXGroup;
			children = (
				63CC62D62298D628009B58F2 /* CoreOnly */,
				63CC62DA2298D628009B58F2 /* README.md */,
			);
			path = Firebase;
			sourceTree = "<group>";
		};
		63CC62D62298D628009B58F2 /* CoreOnly */ = {
			isa = PBXGroup;
			children = (
				63CC62D72298D628009B58F2 /* Sources */,
			);
			path = CoreOnly;
			sourceTree = "<group>";
		};
		63CC62D72298D628009B58F2 /* Sources */ = {
			isa = PBXGroup;
			children = (
				63CC62D82298D628009B58F2 /* Firebase.h */,
				63CC62D92298D628009B58F2 /* module.modulemap */,
			);
			path = Sources;
			sourceTree = "<group>";
		};
		63CC62DB2298D628009B58F2 /* Headers */ = {
			isa = PBXGroup;
			children = (
				63CC62DC2298D628009B58F2 /* Public */,
				63CC62DF2298D628009B58F2 /* Private */,
			);
			path = Headers;
			sourceTree = "<group>";
		};
		63CC62DC2298D628009B58F2 /* Public */ = {
			isa = PBXGroup;
			children = (
				63CC62DD2298D628009B58F2 /* Firebase */,
			);
			path = Public;
			sourceTree = "<group>";
		};
		63CC62DD2298D628009B58F2 /* Firebase */ = {
			isa = PBXGroup;
			children = (
				63CC62DE2298D628009B58F2 /* Firebase.h */,
			);
			path = Firebase;
			sourceTree = "<group>";
		};
		63CC62DF2298D628009B58F2 /* Private */ = {
			isa = PBXGroup;
			children = (
				63CC62E02298D628009B58F2 /* Firebase */,
			);
			path = Private;
			sourceTree = "<group>";
		};
		63CC62E02298D628009B58F2 /* Firebase */ = {
			isa = PBXGroup;
			children = (
				63CC62E12298D628009B58F2 /* Firebase.h */,
			);
			path = Firebase;
			sourceTree = "<group>";
		};
		63CC62E22298D628009B58F2 /* FirebaseAnalytics */ = {
			isa = PBXGroup;
			children = (
				63CC62E32298D628009B58F2 /* Frameworks */,
			);
			path = FirebaseAnalytics;
			sourceTree = "<group>";
		};
		63CC62E32298D628009B58F2 /* Frameworks */ = {
			isa = PBXGroup;
			children = (
				63CC62E42298D628009B58F2 /* FirebaseAnalytics.framework */,
				63CC62E52298D628009B58F2 /* FIRAnalyticsConnector.framework */,
				63CC62E62298D628009B58F2 /* FirebaseCoreDiagnostics.framework */,
			);
			path = Frameworks;
			sourceTree = "<group>";
		};
		63CC62E72298D628009B58F2 /* GoogleUtilities */ = {
			isa = PBXGroup;
			children = (
				63CC62E82298D628009B58F2 /* LICENSE */,
				63CC62E92298D628009B58F2 /* README.md */,
				63CC62EA2298D628009B58F2 /* GoogleUtilities */,
			);
			path = GoogleUtilities;
			sourceTree = "<group>";
		};
		63CC62EA2298D628009B58F2 /* GoogleUtilities */ = {
			isa = PBXGroup;
			children = (
				63CC62EB2298D628009B58F2 /* UserDefaults */,
				63CC62EF2298D628009B58F2 /* MethodSwizzler */,
				63CC62F42298D628009B58F2 /* Logger */,
				63CC62FA2298D628009B58F2 /* Network */,
				63CC63062298D628009B58F2 /* Common */,
				63CC63082298D628009B58F2 /* Reachability */,
				63CC630E2298D628009B58F2 /* AppDelegateSwizzler */,
				63CC63142298D628009B58F2 /* Environment */,
				63CC63182298D628009B58F2 /* NSData+zlib */,
			);
			path = GoogleUtilities;
			sourceTree = "<group>";
		};
		63CC62EB2298D628009B58F2 /* UserDefaults */ = {
			isa = PBXGroup;
			children = (
				63CC62EC2298D628009B58F2 /* Private */,
				63CC62EE2298D628009B58F2 /* GULUserDefaults.m */,
			);
			path = UserDefaults;
			sourceTree = "<group>";
		};
		63CC62EC2298D628009B58F2 /* Private */ = {
			isa = PBXGroup;
			children = (
				63CC62ED2298D628009B58F2 /* GULUserDefaults.h */,
			);
			path = Private;
			sourceTree = "<group>";
		};
		63CC62EF2298D628009B58F2 /* MethodSwizzler */ = {
			isa = PBXGroup;
			children = (
				63CC62F02298D628009B58F2 /* GULSwizzler.m */,
				63CC62F12298D628009B58F2 /* Private */,
			);
			path = MethodSwizzler;
			sourceTree = "<group>";
		};
		63CC62F12298D628009B58F2 /* Private */ = {
			isa = PBXGroup;
			children = (
				63CC62F22298D628009B58F2 /* GULSwizzler.h */,
				63CC62F32298D628009B58F2 /* GULOriginalIMPConvenienceMacros.h */,
			);
			path = Private;
			sourceTree = "<group>";
		};
		63CC62F42298D628009B58F2 /* Logger */ = {
			isa = PBXGroup;
			children = (
				63CC62F52298D628009B58F2 /* GULLogger.m */,
				63CC62F62298D628009B58F2 /* Public */,
				63CC62F82298D628009B58F2 /* Private */,
			);
			path = Logger;
			sourceTree = "<group>";
		};
		63CC62F62298D628009B58F2 /* Public */ = {
			isa = PBXGroup;
			children = (
				63CC62F72298D628009B58F2 /* GULLoggerLevel.h */,
			);
			path = Public;
			sourceTree = "<group>";
		};
		63CC62F82298D628009B58F2 /* Private */ = {
			isa = PBXGroup;
			children = (
				63CC62F92298D628009B58F2 /* GULLogger.h */,
			);
			path = Private;
			sourceTree = "<group>";
		};
		63CC62FA2298D628009B58F2 /* Network */ = {
			isa = PBXGroup;
			children = (
				63CC62FB2298D628009B58F2 /* GULNetworkConstants.m */,
				63CC62FC2298D628009B58F2 /* Private */,
				63CC63032298D628009B58F2 /* GULMutableDictionary.m */,
				63CC63042298D628009B58F2 /* GULNetworkURLSession.m */,
				63CC63052298D628009B58F2 /* GULNetwork.m */,
			);
			path = Network;
			sourceTree = "<group>";
		};
		63CC62FC2298D628009B58F2 /* Private */ = {
			isa = PBXGroup;
			children = (
				63CC62FD2298D628009B58F2 /* GULNetworkMessageCode.h */,
				63CC62FE2298D628009B58F2 /* GULMutableDictionary.h */,
				63CC62FF2298D628009B58F2 /* GULNetworkURLSession.h */,
				63CC63002298D628009B58F2 /* GULNetworkLoggerProtocol.h */,
				63CC63012298D628009B58F2 /* GULNetwork.h */,
				63CC63022298D628009B58F2 /* GULNetworkConstants.h */,
			);
			path = Private;
			sourceTree = "<group>";
		};
		63CC63062298D628009B58F2 /* Common */ = {
			isa = PBXGroup;
			children = (
				63CC63072298D628009B58F2 /* GULLoggerCodes.h */,
			);
			path = Common;
			sourceTree = "<group>";
		};
		63CC63082298D628009B58F2 /* Reachability */ = {
			isa = PBXGroup;
			children = (
				63CC63092298D628009B58F2 /* GULReachabilityChecker.m */,
				63CC630A2298D628009B58F2 /* GULReachabilityChecker+Internal.h */,
				63CC630B2298D628009B58F2 /* Private */,
			);
			path = Reachability;
			sourceTree = "<group>";
		};
		63CC630B2298D628009B58F2 /* Private */ = {
			isa = PBXGroup;
			children = (
				63CC630C2298D628009B58F2 /* GULReachabilityMessageCode.h */,
				63CC630D2298D628009B58F2 /* GULReachabilityChecker.h */,
			);
			path = Private;
			sourceTree = "<group>";
		};
		63CC630E2298D628009B58F2 /* AppDelegateSwizzler */ = {
			isa = PBXGroup;
			children = (
				63CC630F2298D628009B58F2 /* Internal */,
				63CC63112298D628009B58F2 /* Private */,
				63CC63132298D628009B58F2 /* GULAppDelegateSwizzler.m */,
			);
			path = AppDelegateSwizzler;
			sourceTree = "<group>";
		};
		63CC630F2298D628009B58F2 /* Internal */ = {
			isa = PBXGroup;
			children = (
				63CC63102298D628009B58F2 /* GULAppDelegateSwizzler_Private.h */,
			);
			path = Internal;
			sourceTree = "<group>";
		};
		63CC63112298D628009B58F2 /* Private */ = {
			isa = PBXGroup;
			children = (
				63CC63122298D628009B58F2 /* GULAppDelegateSwizzler.h */,
			);
			path = Private;
			sourceTree = "<group>";
		};
		63CC63142298D628009B58F2 /* Environment */ = {
			isa = PBXGroup;
			children = (
				63CC63152298D628009B58F2 /* third_party */,
			);
			path = Environment;
			sourceTree = "<group>";
		};
		63CC63152298D628009B58F2 /* third_party */ = {
			isa = PBXGroup;
			children = (
				63CC63162298D628009B58F2 /* GULAppEnvironmentUtil.h */,
				63CC63172298D628009B58F2 /* GULAppEnvironmentUtil.m */,
			);
			path = third_party;
			sourceTree = "<group>";
		};
		63CC63182298D628009B58F2 /* NSData+zlib */ = {
			isa = PBXGroup;
			children = (
				63CC63192298D628009B58F2 /* GULNSData+zlib.m */,
				63CC631A2298D628009B58F2 /* GULNSData+zlib.h */,
			);
			path = "NSData+zlib";
			sourceTree = "<group>";
		};
		63CC631B2298D628009B58F2 /* nanopb */ = {
			isa = PBXGroup;
			children = (
				63CC631C2298D628009B58F2 /* pb_common.c */,
				63CC631D2298D628009B58F2 /* pb_decode.c */,
				63CC631E2298D628009B58F2 /* pb_encode.c */,
				63CC631F2298D628009B58F2 /* README.md */,
				63CC63202298D628009B58F2 /* pb_common.h */,
				63CC63212298D628009B58F2 /* pb.h */,
				63CC63222298D628009B58F2 /* LICENSE.txt */,
				63CC63232298D628009B58F2 /* pb_encode.h */,
				63CC63242298D628009B58F2 /* pb_decode.h */,
			);
			path = nanopb;
			sourceTree = "<group>";
		};
		63CC63252298D628009B58F2 /* GoogleAppMeasurement */ = {
			isa = PBXGroup;
			children = (
				63CC63262298D629009B58F2 /* Frameworks */,
			);
			path = GoogleAppMeasurement;
			sourceTree = "<group>";
		};
		63CC63262298D629009B58F2 /* Frameworks */ = {
			isa = PBXGroup;
			children = (
				63CC63272298D629009B58F2 /* GoogleAppMeasurement.framework */,
			);
			path = Frameworks;
			sourceTree = "<group>";
		};
		63F355032294EAB100059363 /* image */ = {
			isa = PBXGroup;
			children = (
				633F869E22CD07130098A866 /* calender.png */,
				633F869D22CD07120098A866 /* info.png */,
				6360317C2296BEA900D8C931 /* note.png */,
				63F355042294EAE500059363 /* logo.png */,
			);
			path = image;
			sourceTree = "<group>";
		};
		F8099ACF015260FE1DCF4A61 /* Frameworks */ = {
			isa = PBXGroup;
			children = (
				63CC626C2298D628009B58F2 /* Pods */,
				E73091456BB92F3DF31D5E53 /* Pods_app2okanenogakko.framework */,
				1536CDA29090563F95F7B65A /* Pods_app2okanenogakkoTests.framework */,
				5F6548767CEC3FB6F0666116 /* Pods_app2okanenogakkoUITests.framework */,
			);
			name = Frameworks;
			sourceTree = "<group>";
		};
/* End PBXGroup section */

/* Begin PBXNativeTarget section */
		63C410902294DE560079DC08 /* app2okanenogakko */ = {
			isa = PBXNativeTarget;
			buildConfigurationList = 63C410BB2294DE590079DC08 /* Build configuration list for PBXNativeTarget "app2okanenogakko" */;
			buildPhases = (
				9FD97E4937DCB5817C33198D /* [CP] Check Pods Manifest.lock */,
				63C4108D2294DE560079DC08 /* Sources */,
				63C4108E2294DE560079DC08 /* Frameworks */,
				63C4108F2294DE560079DC08 /* Resources */,
				23BDF72B34499E2722B79C17 /* [CP] Embed Pods Frameworks */,
				63D6E2F222D1A262002BA130 /* Embed App Extensions */,
			);
			buildRules = (
			);
			dependencies = (
			);
			name = app2okanenogakko;
			productName = app2okanenogakko;
			productReference = 63C410912294DE560079DC08 /* app2okanenogakko.app */;
			productType = "com.apple.product-type.application";
		};
		63C410A62294DE590079DC08 /* app2okanenogakkoTests */ = {
			isa = PBXNativeTarget;
			buildConfigurationList = 63C410BE2294DE590079DC08 /* Build configuration list for PBXNativeTarget "app2okanenogakkoTests" */;
			buildPhases = (
				DCFC3A5CCE7CF386BE5C2E9A /* [CP] Check Pods Manifest.lock */,
				63C410A32294DE590079DC08 /* Sources */,
				63C410A42294DE590079DC08 /* Frameworks */,
				63C410A52294DE590079DC08 /* Resources */,
			);
			buildRules = (
			);
			dependencies = (
				63C410A92294DE590079DC08 /* PBXTargetDependency */,
			);
			name = app2okanenogakkoTests;
			productName = app2okanenogakkoTests;
			productReference = 63C410A72294DE590079DC08 /* app2okanenogakkoTests.xctest */;
			productType = "com.apple.product-type.bundle.unit-test";
		};
		63C410B12294DE590079DC08 /* app2okanenogakkoUITests */ = {
			isa = PBXNativeTarget;
			buildConfigurationList = 63C410C12294DE590079DC08 /* Build configuration list for PBXNativeTarget "app2okanenogakkoUITests" */;
			buildPhases = (
				6D708C379731BAC813467AA6 /* [CP] Check Pods Manifest.lock */,
				63C410AE2294DE590079DC08 /* Sources */,
				63C410AF2294DE590079DC08 /* Frameworks */,
				63C410B02294DE590079DC08 /* Resources */,
			);
			buildRules = (
			);
			dependencies = (
				63C410B42294DE590079DC08 /* PBXTargetDependency */,
			);
			name = app2okanenogakkoUITests;
			productName = app2okanenogakkoUITests;
			productReference = 63C410B22294DE590079DC08 /* app2okanenogakkoUITests.xctest */;
			productType = "com.apple.product-type.bundle.ui-testing";
		};
/* End PBXNativeTarget section */

/* Begin PBXProject section */
		63C410892294DE560079DC08 /* Project object */ = {
			isa = PBXProject;
			attributes = {
				LastSwiftUpdateCheck = 1020;
				LastUpgradeCheck = 1020;
				ORGANIZATIONNAME = "Ryutaro Tada";
				TargetAttributes = {
					63C410902294DE560079DC08 = {
						CreatedOnToolsVersion = 10.2.1;
						SystemCapabilities = {
							com.apple.BackgroundModes = {
								enabled = 1;
							};
							com.apple.Push = {
								enabled = 1;
							};
						};
					};
					63C410A62294DE590079DC08 = {
						CreatedOnToolsVersion = 10.2.1;
						TestTargetID = 63C410902294DE560079DC08;
					};
					63C410B12294DE590079DC08 = {
						CreatedOnToolsVersion = 10.2.1;
						TestTargetID = 63C410902294DE560079DC08;
					};
				};
			};
			buildConfigurationList = 63C4108C2294DE560079DC08 /* Build configuration list for PBXProject "app2okanenogakko" */;
			compatibilityVersion = "Xcode 9.3";
			developmentRegion = en;
			hasScannedForEncodings = 0;
			knownRegions = (
				en,
				Base,
			);
			mainGroup = 63C410882294DE560079DC08;
			productRefGroup = 63C410922294DE560079DC08 /* Products */;
			projectDirPath = "";
			projectReferences = (
				{
					ProductGroup = 63CC626E2298D628009B58F2 /* Products */;
					ProjectRef = 63CC626D2298D628009B58F2 /* Pods.xcodeproj */;
				},
			);
			projectRoot = "";
			targets = (
				63C410902294DE560079DC08 /* app2okanenogakko */,
				63C410A62294DE590079DC08 /* app2okanenogakkoTests */,
				63C410B12294DE590079DC08 /* app2okanenogakkoUITests */,
			);
		};
/* End PBXProject section */

/* Begin PBXReferenceProxy section */
		633F869922CD05C50098A866 /* FirebaseInstanceID.framework */ = {
			isa = PBXReferenceProxy;
			fileType = wrapper.framework;
			path = FirebaseInstanceID.framework;
			remoteRef = 633F869822CD05C50098A866 /* PBXContainerItemProxy */;
			sourceTree = BUILT_PRODUCTS_DIR;
		};
		638A9F002299693500BB51C2 /* FirebaseMessaging.framework */ = {
			isa = PBXReferenceProxy;
			fileType = wrapper.framework;
			path = FirebaseMessaging.framework;
			remoteRef = 638A9EFF2299693500BB51C2 /* PBXContainerItemProxy */;
			sourceTree = BUILT_PRODUCTS_DIR;
		};
		638A9F022299693500BB51C2 /* Protobuf.framework */ = {
			isa = PBXReferenceProxy;
			fileType = wrapper.framework;
			path = Protobuf.framework;
			remoteRef = 638A9F012299693500BB51C2 /* PBXContainerItemProxy */;
			sourceTree = BUILT_PRODUCTS_DIR;
		};
		63BCAF4E22DCD7A40014036A /* FirebaseDatabase.framework */ = {
			isa = PBXReferenceProxy;
			fileType = wrapper.framework;
			path = FirebaseDatabase.framework;
			remoteRef = 63BCAF4D22DCD7A40014036A /* PBXContainerItemProxy */;
			sourceTree = BUILT_PRODUCTS_DIR;
		};
		63BCAF5022DCD7A40014036A /* leveldb.framework */ = {
			isa = PBXReferenceProxy;
			fileType = wrapper.framework;
			path = leveldb.framework;
			remoteRef = 63BCAF4F22DCD7A40014036A /* PBXContainerItemProxy */;
			sourceTree = BUILT_PRODUCTS_DIR;
		};
		63CC632F2298D629009B58F2 /* FirebaseCore.framework */ = {
			isa = PBXReferenceProxy;
			fileType = wrapper.framework;
			path = FirebaseCore.framework;
			remoteRef = 63CC632E2298D629009B58F2 /* PBXContainerItemProxy */;
			sourceTree = BUILT_PRODUCTS_DIR;
		};
		63CC63312298D629009B58F2 /* GoogleUtilities.framework */ = {
			isa = PBXReferenceProxy;
			fileType = wrapper.framework;
			path = GoogleUtilities.framework;
			remoteRef = 63CC63302298D629009B58F2 /* PBXContainerItemProxy */;
			sourceTree = BUILT_PRODUCTS_DIR;
		};
		63CC63332298D629009B58F2 /* nanopb.framework */ = {
			isa = PBXReferenceProxy;
			fileType = wrapper.framework;
			path = nanopb.framework;
			remoteRef = 63CC63322298D629009B58F2 /* PBXContainerItemProxy */;
			sourceTree = BUILT_PRODUCTS_DIR;
		};
		63CC63352298D629009B58F2 /* Pods_app2okanenogakko.framework */ = {
			isa = PBXReferenceProxy;
			fileType = wrapper.framework;
			path = Pods_app2okanenogakko.framework;
			remoteRef = 63CC63342298D629009B58F2 /* PBXContainerItemProxy */;
			sourceTree = BUILT_PRODUCTS_DIR;
		};
		63CC63372298D629009B58F2 /* Pods_app2okanenogakkoTests.framework */ = {
			isa = PBXReferenceProxy;
			fileType = wrapper.framework;
			path = Pods_app2okanenogakkoTests.framework;
			remoteRef = 63CC63362298D629009B58F2 /* PBXContainerItemProxy */;
			sourceTree = BUILT_PRODUCTS_DIR;
		};
		63CC63392298D629009B58F2 /* Pods_app2okanenogakkoUITests.framework */ = {
			isa = PBXReferenceProxy;
			fileType = wrapper.framework;
			path = Pods_app2okanenogakkoUITests.framework;
			remoteRef = 63CC63382298D629009B58F2 /* PBXContainerItemProxy */;
			sourceTree = BUILT_PRODUCTS_DIR;
		};
/* End PBXReferenceProxy section */

/* Begin PBXResourcesBuildPhase section */
		63C4108F2294DE560079DC08 /* Resources */ = {
			isa = PBXResourcesBuildPhase;
			buildActionMask = 2147483647;
			files = (
				63F355052294EAE500059363 /* logo.png in Resources */,
				63D6E2DD22D0D6FF002BA130 /* GoogleService-Info.plist in Resources */,
				63C410A12294DE590079DC08 /* LaunchScreen.storyboard in Resources */,
				63204D0B22DDBF24001AA8BE /* Main.storyboard in Resources */,
				633F86A022CD07130098A866 /* calender.png in Resources */,
				63C4109E2294DE590079DC08 /* Assets.xcassets in Resources */,
				6360317D2296BEA900D8C931 /* note.png in Resources */,
				633F869F22CD07130098A866 /* info.png in Resources */,
			);
			runOnlyForDeploymentPostprocessing = 0;
		};
		63C410A52294DE590079DC08 /* Resources */ = {
			isa = PBXResourcesBuildPhase;
			buildActionMask = 2147483647;
			files = (
			);
			runOnlyForDeploymentPostprocessing = 0;
		};
		63C410B02294DE590079DC08 /* Resources */ = {
			isa = PBXResourcesBuildPhase;
			buildActionMask = 2147483647;
			files = (
			);
			runOnlyForDeploymentPostprocessing = 0;
		};
/* End PBXResourcesBuildPhase section */

/* Begin PBXShellScriptBuildPhase section */
		23BDF72B34499E2722B79C17 /* [CP] Embed Pods Frameworks */ = {
			isa = PBXShellScriptBuildPhase;
			buildActionMask = 2147483647;
			files = (
			);
			inputFileListPaths = (
			);
			inputPaths = (
				"${SRCROOT}/Pods/Target Support Files/Pods-app2okanenogakko/Pods-app2okanenogakko-frameworks.sh",
				"${BUILT_PRODUCTS_DIR}/GoogleUtilities/GoogleUtilities.framework",
				"${BUILT_PRODUCTS_DIR}/Protobuf/Protobuf.framework",
				"${BUILT_PRODUCTS_DIR}/leveldb-library/leveldb.framework",
				"${BUILT_PRODUCTS_DIR}/nanopb/nanopb.framework",
			);
			name = "[CP] Embed Pods Frameworks";
			outputFileListPaths = (
			);
			outputPaths = (
				"${TARGET_BUILD_DIR}/${FRAMEWORKS_FOLDER_PATH}/GoogleUtilities.framework",
				"${TARGET_BUILD_DIR}/${FRAMEWORKS_FOLDER_PATH}/Protobuf.framework",
				"${TARGET_BUILD_DIR}/${FRAMEWORKS_FOLDER_PATH}/leveldb.framework",
				"${TARGET_BUILD_DIR}/${FRAMEWORKS_FOLDER_PATH}/nanopb.framework",
			);
			runOnlyForDeploymentPostprocessing = 0;
			shellPath = /bin/sh;
			shellScript = "\"${SRCROOT}/Pods/Target Support Files/Pods-app2okanenogakko/Pods-app2okanenogakko-frameworks.sh\"\n";
			showEnvVarsInLog = 0;
		};
		6D708C379731BAC813467AA6 /* [CP] Check Pods Manifest.lock */ = {
			isa = PBXShellScriptBuildPhase;
			buildActionMask = 2147483647;
			files = (
			);
			inputFileListPaths = (
			);
			inputPaths = (
				"${PODS_PODFILE_DIR_PATH}/Podfile.lock",
				"${PODS_ROOT}/Manifest.lock",
			);
			name = "[CP] Check Pods Manifest.lock";
			outputFileListPaths = (
			);
			outputPaths = (
				"$(DERIVED_FILE_DIR)/Pods-app2okanenogakkoUITests-checkManifestLockResult.txt",
			);
			runOnlyForDeploymentPostprocessing = 0;
			shellPath = /bin/sh;
			shellScript = "diff \"${PODS_PODFILE_DIR_PATH}/Podfile.lock\" \"${PODS_ROOT}/Manifest.lock\" > /dev/null\nif [ $? != 0 ] ; then\n    # print error to STDERR\n    echo \"error: The sandbox is not in sync with the Podfile.lock. Run 'pod install' or update your CocoaPods installation.\" >&2\n    exit 1\nfi\n# This output is used by Xcode 'outputs' to avoid re-running this script phase.\necho \"SUCCESS\" > \"${SCRIPT_OUTPUT_FILE_0}\"\n";
			showEnvVarsInLog = 0;
		};
		9FD97E4937DCB5817C33198D /* [CP] Check Pods Manifest.lock */ = {
			isa = PBXShellScriptBuildPhase;
			buildActionMask = 2147483647;
			files = (
			);
			inputFileListPaths = (
			);
			inputPaths = (
				"${PODS_PODFILE_DIR_PATH}/Podfile.lock",
				"${PODS_ROOT}/Manifest.lock",
			);
			name = "[CP] Check Pods Manifest.lock";
			outputFileListPaths = (
			);
			outputPaths = (
				"$(DERIVED_FILE_DIR)/Pods-app2okanenogakko-checkManifestLockResult.txt",
			);
			runOnlyForDeploymentPostprocessing = 0;
			shellPath = /bin/sh;
			shellScript = "diff \"${PODS_PODFILE_DIR_PATH}/Podfile.lock\" \"${PODS_ROOT}/Manifest.lock\" > /dev/null\nif [ $? != 0 ] ; then\n    # print error to STDERR\n    echo \"error: The sandbox is not in sync with the Podfile.lock. Run 'pod install' or update your CocoaPods installation.\" >&2\n    exit 1\nfi\n# This output is used by Xcode 'outputs' to avoid re-running this script phase.\necho \"SUCCESS\" > \"${SCRIPT_OUTPUT_FILE_0}\"\n";
			showEnvVarsInLog = 0;
		};
		DCFC3A5CCE7CF386BE5C2E9A /* [CP] Check Pods Manifest.lock */ = {
			isa = PBXShellScriptBuildPhase;
			buildActionMask = 2147483647;
			files = (
			);
			inputFileListPaths = (
			);
			inputPaths = (
				"${PODS_PODFILE_DIR_PATH}/Podfile.lock",
				"${PODS_ROOT}/Manifest.lock",
			);
			name = "[CP] Check Pods Manifest.lock";
			outputFileListPaths = (
			);
			outputPaths = (
				"$(DERIVED_FILE_DIR)/Pods-app2okanenogakkoTests-checkManifestLockResult.txt",
			);
			runOnlyForDeploymentPostprocessing = 0;
			shellPath = /bin/sh;
			shellScript = "diff \"${PODS_PODFILE_DIR_PATH}/Podfile.lock\" \"${PODS_ROOT}/Manifest.lock\" > /dev/null\nif [ $? != 0 ] ; then\n    # print error to STDERR\n    echo \"error: The sandbox is not in sync with the Podfile.lock. Run 'pod install' or update your CocoaPods installation.\" >&2\n    exit 1\nfi\n# This output is used by Xcode 'outputs' to avoid re-running this script phase.\necho \"SUCCESS\" > \"${SCRIPT_OUTPUT_FILE_0}\"\n";
			showEnvVarsInLog = 0;
		};
/* End PBXShellScriptBuildPhase section */

/* Begin PBXSourcesBuildPhase section */
		63C4108D2294DE560079DC08 /* Sources */ = {
			isa = PBXSourcesBuildPhase;
			buildActionMask = 2147483647;
			files = (
				63F355092294F1A700059363 /* MenuController.swift in Sources */,
				633F86B122CD121F0098A866 /* InfoListTableViewController.swift in Sources */,
				63F3550D2294F2CD00059363 /* MenuOptionCell.swift in Sources */,
				63BCAF4122DCD7A30014036A /* InfoDetailViewController.swift in Sources */,
				63C410992294DE560079DC08 /* SecondViewController.swift in Sources */,
				63C410952294DE560079DC08 /* AppDelegate.swift in Sources */,
				63F3550B2294F22D00059363 /* MenuOption.swift in Sources */,
				63C410972294DE560079DC08 /* FirstViewController.swift in Sources */,
				6391AF17229668AB007128BF /* AbstractViewController.swift in Sources */,
			);
			runOnlyForDeploymentPostprocessing = 0;
		};
		63C410A32294DE590079DC08 /* Sources */ = {
			isa = PBXSourcesBuildPhase;
			buildActionMask = 2147483647;
			files = (
				63C410AC2294DE590079DC08 /* app2okanenogakkoTests.swift in Sources */,
			);
			runOnlyForDeploymentPostprocessing = 0;
		};
		63C410AE2294DE590079DC08 /* Sources */ = {
			isa = PBXSourcesBuildPhase;
			buildActionMask = 2147483647;
			files = (
				63C410B72294DE590079DC08 /* app2okanenogakkoUITests.swift in Sources */,
			);
			runOnlyForDeploymentPostprocessing = 0;
		};
/* End PBXSourcesBuildPhase section */

/* Begin PBXTargetDependency section */
		63C410A92294DE590079DC08 /* PBXTargetDependency */ = {
			isa = PBXTargetDependency;
			target = 63C410902294DE560079DC08 /* app2okanenogakko */;
			targetProxy = 63C410A82294DE590079DC08 /* PBXContainerItemProxy */;
		};
		63C410B42294DE590079DC08 /* PBXTargetDependency */ = {
			isa = PBXTargetDependency;
			target = 63C410902294DE560079DC08 /* app2okanenogakko */;
			targetProxy = 63C410B32294DE590079DC08 /* PBXContainerItemProxy */;
		};
/* End PBXTargetDependency section */

/* Begin PBXVariantGroup section */
		63204D0922DDBF24001AA8BE /* Main.storyboard */ = {
			isa = PBXVariantGroup;
			children = (
				63204D0A22DDBF24001AA8BE /* Base */,
			);
			name = Main.storyboard;
			sourceTree = "<group>";
		};
		63C4109F2294DE590079DC08 /* LaunchScreen.storyboard */ = {
			isa = PBXVariantGroup;
			children = (
				63C410A02294DE590079DC08 /* Base */,
			);
			name = LaunchScreen.storyboard;
			sourceTree = "<group>";
		};
/* End PBXVariantGroup section */

/* Begin XCBuildConfiguration section */
		63C410B92294DE590079DC08 /* Debug */ = {
			isa = XCBuildConfiguration;
			buildSettings = {
				ALWAYS_SEARCH_USER_PATHS = NO;
				CLANG_ANALYZER_NONNULL = YES;
				CLANG_ANALYZER_NUMBER_OBJECT_CONVERSION = YES_AGGRESSIVE;
				CLANG_CXX_LANGUAGE_STANDARD = "gnu++14";
				CLANG_CXX_LIBRARY = "libc++";
				CLANG_ENABLE_MODULES = YES;
				CLANG_ENABLE_OBJC_ARC = YES;
				CLANG_ENABLE_OBJC_WEAK = YES;
				CLANG_WARN_BLOCK_CAPTURE_AUTORELEASING = YES;
				CLANG_WARN_BOOL_CONVERSION = YES;
				CLANG_WARN_COMMA = YES;
				CLANG_WARN_CONSTANT_CONVERSION = YES;
				CLANG_WARN_DEPRECATED_OBJC_IMPLEMENTATIONS = YES;
				CLANG_WARN_DIRECT_OBJC_ISA_USAGE = YES_ERROR;
				CLANG_WARN_DOCUMENTATION_COMMENTS = YES;
				CLANG_WARN_EMPTY_BODY = YES;
				CLANG_WARN_ENUM_CONVERSION = YES;
				CLANG_WARN_INFINITE_RECURSION = YES;
				CLANG_WARN_INT_CONVERSION = YES;
				CLANG_WARN_NON_LITERAL_NULL_CONVERSION = YES;
				CLANG_WARN_OBJC_IMPLICIT_RETAIN_SELF = YES;
				CLANG_WARN_OBJC_LITERAL_CONVERSION = YES;
				CLANG_WARN_OBJC_ROOT_CLASS = YES_ERROR;
				CLANG_WARN_RANGE_LOOP_ANALYSIS = YES;
				CLANG_WARN_STRICT_PROTOTYPES = YES;
				CLANG_WARN_SUSPICIOUS_MOVE = YES;
				CLANG_WARN_UNGUARDED_AVAILABILITY = YES_AGGRESSIVE;
				CLANG_WARN_UNREACHABLE_CODE = YES;
				CLANG_WARN__DUPLICATE_METHOD_MATCH = YES;
				CODE_SIGN_IDENTITY = "iPhone Developer";
				COPY_PHASE_STRIP = NO;
				DEBUG_INFORMATION_FORMAT = dwarf;
				ENABLE_STRICT_OBJC_MSGSEND = YES;
				ENABLE_TESTABILITY = YES;
				GCC_C_LANGUAGE_STANDARD = gnu11;
				GCC_DYNAMIC_NO_PIC = NO;
				GCC_NO_COMMON_BLOCKS = YES;
				GCC_OPTIMIZATION_LEVEL = 0;
				GCC_PREPROCESSOR_DEFINITIONS = (
					"DEBUG=1",
					"$(inherited)",
				);
				GCC_WARN_64_TO_32_BIT_CONVERSION = YES;
				GCC_WARN_ABOUT_RETURN_TYPE = YES_ERROR;
				GCC_WARN_UNDECLARED_SELECTOR = YES;
				GCC_WARN_UNINITIALIZED_AUTOS = YES_AGGRESSIVE;
				GCC_WARN_UNUSED_FUNCTION = YES;
				GCC_WARN_UNUSED_VARIABLE = YES;
				IPHONEOS_DEPLOYMENT_TARGET = 12.2;
				MTL_ENABLE_DEBUG_INFO = INCLUDE_SOURCE;
				MTL_FAST_MATH = YES;
				ONLY_ACTIVE_ARCH = YES;
				SDKROOT = iphoneos;
				SWIFT_ACTIVE_COMPILATION_CONDITIONS = DEBUG;
				SWIFT_OPTIMIZATION_LEVEL = "-Onone";
			};
			name = Debug;
		};
		63C410BA2294DE590079DC08 /* Release */ = {
			isa = XCBuildConfiguration;
			buildSettings = {
				ALWAYS_SEARCH_USER_PATHS = NO;
				CLANG_ANALYZER_NONNULL = YES;
				CLANG_ANALYZER_NUMBER_OBJECT_CONVERSION = YES_AGGRESSIVE;
				CLANG_CXX_LANGUAGE_STANDARD = "gnu++14";
				CLANG_CXX_LIBRARY = "libc++";
				CLANG_ENABLE_MODULES = YES;
				CLANG_ENABLE_OBJC_ARC = YES;
				CLANG_ENABLE_OBJC_WEAK = YES;
				CLANG_WARN_BLOCK_CAPTURE_AUTORELEASING = YES;
				CLANG_WARN_BOOL_CONVERSION = YES;
				CLANG_WARN_COMMA = YES;
				CLANG_WARN_CONSTANT_CONVERSION = YES;
				CLANG_WARN_DEPRECATED_OBJC_IMPLEMENTATIONS = YES;
				CLANG_WARN_DIRECT_OBJC_ISA_USAGE = YES_ERROR;
				CLANG_WARN_DOCUMENTATION_COMMENTS = YES;
				CLANG_WARN_EMPTY_BODY = YES;
				CLANG_WARN_ENUM_CONVERSION = YES;
				CLANG_WARN_INFINITE_RECURSION = YES;
				CLANG_WARN_INT_CONVERSION = YES;
				CLANG_WARN_NON_LITERAL_NULL_CONVERSION = YES;
				CLANG_WARN_OBJC_IMPLICIT_RETAIN_SELF = YES;
				CLANG_WARN_OBJC_LITERAL_CONVERSION = YES;
				CLANG_WARN_OBJC_ROOT_CLASS = YES_ERROR;
				CLANG_WARN_RANGE_LOOP_ANALYSIS = YES;
				CLANG_WARN_STRICT_PROTOTYPES = YES;
				CLANG_WARN_SUSPICIOUS_MOVE = YES;
				CLANG_WARN_UNGUARDED_AVAILABILITY = YES_AGGRESSIVE;
				CLANG_WARN_UNREACHABLE_CODE = YES;
				CLANG_WARN__DUPLICATE_METHOD_MATCH = YES;
				CODE_SIGN_IDENTITY = "iPhone Developer";
				COPY_PHASE_STRIP = NO;
				DEBUG_INFORMATION_FORMAT = "dwarf-with-dsym";
				ENABLE_NS_ASSERTIONS = NO;
				ENABLE_STRICT_OBJC_MSGSEND = YES;
				GCC_C_LANGUAGE_STANDARD = gnu11;
				GCC_NO_COMMON_BLOCKS = YES;
				GCC_WARN_64_TO_32_BIT_CONVERSION = YES;
				GCC_WARN_ABOUT_RETURN_TYPE = YES_ERROR;
				GCC_WARN_UNDECLARED_SELECTOR = YES;
				GCC_WARN_UNINITIALIZED_AUTOS = YES_AGGRESSIVE;
				GCC_WARN_UNUSED_FUNCTION = YES;
				GCC_WARN_UNUSED_VARIABLE = YES;
				IPHONEOS_DEPLOYMENT_TARGET = 12.2;
				MTL_ENABLE_DEBUG_INFO = NO;
				MTL_FAST_MATH = YES;
				SDKROOT = iphoneos;
				SWIFT_COMPILATION_MODE = wholemodule;
				SWIFT_OPTIMIZATION_LEVEL = "-O";
				VALIDATE_PRODUCT = YES;
			};
			name = Release;
		};
		63C410BC2294DE590079DC08 /* Debug */ = {
			isa = XCBuildConfiguration;
			baseConfigurationReference = 1765B6DB3FEC330FCD554C4B /* Pods-app2okanenogakko.debug.xcconfig */;
			buildSettings = {
				ALWAYS_EMBED_SWIFT_STANDARD_LIBRARIES = YES;
				ASSETCATALOG_COMPILER_APPICON_NAME = AppIcon;
				CODE_SIGN_ENTITLEMENTS = app2okanenogakko/app2okanenogakko.entitlements;
				CODE_SIGN_STYLE = Automatic;
				DEVELOPMENT_TEAM = 24J2RBFD36;
				INFOPLIST_FILE = app2okanenogakko/Info.plist;
				IPHONEOS_DEPLOYMENT_TARGET = 10.0;
				LD_RUNPATH_SEARCH_PATHS = (
					"$(inherited)",
					"@executable_path/Frameworks",
				);
				PRODUCT_BUNDLE_IDENTIFIER = okanenogakko.aikikaku.jp;
				PRODUCT_NAME = "$(TARGET_NAME)";
				SWIFT_VERSION = 5.0;
				TARGETED_DEVICE_FAMILY = "1,2";
			};
			name = Debug;
		};
		63C410BD2294DE590079DC08 /* Release */ = {
			isa = XCBuildConfiguration;
			baseConfigurationReference = DBFB769449135716D0443362 /* Pods-app2okanenogakko.release.xcconfig */;
			buildSettings = {
				ALWAYS_EMBED_SWIFT_STANDARD_LIBRARIES = YES;
				ASSETCATALOG_COMPILER_APPICON_NAME = AppIcon;
				CODE_SIGN_ENTITLEMENTS = app2okanenogakko/app2okanenogakko.entitlements;
				CODE_SIGN_STYLE = Automatic;
				DEVELOPMENT_TEAM = 24J2RBFD36;
				INFOPLIST_FILE = app2okanenogakko/Info.plist;
				IPHONEOS_DEPLOYMENT_TARGET = 10.0;
				LD_RUNPATH_SEARCH_PATHS = (
					"$(inherited)",
					"@executable_path/Frameworks",
				);
				PRODUCT_BUNDLE_IDENTIFIER = okanenogakko.aikikaku.jp;
				PRODUCT_NAME = "$(TARGET_NAME)";
				SWIFT_VERSION = 5.0;
				TARGETED_DEVICE_FAMILY = "1,2";
			};
			name = Release;
		};
		63C410BF2294DE590079DC08 /* Debug */ = {
			isa = XCBuildConfiguration;
			baseConfigurationReference = 18C5C56F16A41BAC2DE9A29D /* Pods-app2okanenogakkoTests.debug.xcconfig */;
			buildSettings = {
				ALWAYS_EMBED_SWIFT_STANDARD_LIBRARIES = YES;
				BUNDLE_LOADER = "$(TEST_HOST)";
				CODE_SIGN_STYLE = Automatic;
				DEVELOPMENT_TEAM = 24J2RBFD36;
				INFOPLIST_FILE = app2okanenogakkoTests/Info.plist;
				LD_RUNPATH_SEARCH_PATHS = (
					"$(inherited)",
					"@executable_path/Frameworks",
					"@loader_path/Frameworks",
				);
				PRODUCT_BUNDLE_IDENTIFIER = okanenogakko.aikikaku.co.jp.app2okanenogakkoTests;
				PRODUCT_NAME = "$(TARGET_NAME)";
				SWIFT_VERSION = 5.0;
				TARGETED_DEVICE_FAMILY = "1,2";
				TEST_HOST = "$(BUILT_PRODUCTS_DIR)/app2okanenogakko.app/app2okanenogakko";
			};
			name = Debug;
		};
		63C410C02294DE590079DC08 /* Release */ = {
			isa = XCBuildConfiguration;
			baseConfigurationReference = 27AB8D766FD493085C4F6B31 /* Pods-app2okanenogakkoTests.release.xcconfig */;
			buildSettings = {
				ALWAYS_EMBED_SWIFT_STANDARD_LIBRARIES = YES;
				BUNDLE_LOADER = "$(TEST_HOST)";
				CODE_SIGN_STYLE = Automatic;
				DEVELOPMENT_TEAM = 24J2RBFD36;
				INFOPLIST_FILE = app2okanenogakkoTests/Info.plist;
				LD_RUNPATH_SEARCH_PATHS = (
					"$(inherited)",
					"@executable_path/Frameworks",
					"@loader_path/Frameworks",
				);
				PRODUCT_BUNDLE_IDENTIFIER = okanenogakko.aikikaku.co.jp.app2okanenogakkoTests;
				PRODUCT_NAME = "$(TARGET_NAME)";
				SWIFT_VERSION = 5.0;
				TARGETED_DEVICE_FAMILY = "1,2";
				TEST_HOST = "$(BUILT_PRODUCTS_DIR)/app2okanenogakko.app/app2okanenogakko";
			};
			name = Release;
		};
		63C410C22294DE590079DC08 /* Debug */ = {
			isa = XCBuildConfiguration;
			baseConfigurationReference = 6579B3599998473C84448A58 /* Pods-app2okanenogakkoUITests.debug.xcconfig */;
			buildSettings = {
				ALWAYS_EMBED_SWIFT_STANDARD_LIBRARIES = YES;
				CODE_SIGN_STYLE = Automatic;
				DEVELOPMENT_TEAM = 24J2RBFD36;
				INFOPLIST_FILE = app2okanenogakkoUITests/Info.plist;
				LD_RUNPATH_SEARCH_PATHS = (
					"$(inherited)",
					"@executable_path/Frameworks",
					"@loader_path/Frameworks",
				);
				PRODUCT_BUNDLE_IDENTIFIER = okanenogakko.aikikaku.co.jp.app2okanenogakkoUITests;
				PRODUCT_NAME = "$(TARGET_NAME)";
				SWIFT_VERSION = 5.0;
				TARGETED_DEVICE_FAMILY = "1,2";
				TEST_TARGET_NAME = app2okanenogakko;
			};
			name = Debug;
		};
		63C410C32294DE590079DC08 /* Release */ = {
			isa = XCBuildConfiguration;
			baseConfigurationReference = D540B670E2B5ADCBA31B68B2 /* Pods-app2okanenogakkoUITests.release.xcconfig */;
			buildSettings = {
				ALWAYS_EMBED_SWIFT_STANDARD_LIBRARIES = YES;
				CODE_SIGN_STYLE = Automatic;
				DEVELOPMENT_TEAM = 24J2RBFD36;
				INFOPLIST_FILE = app2okanenogakkoUITests/Info.plist;
				LD_RUNPATH_SEARCH_PATHS = (
					"$(inherited)",
					"@executable_path/Frameworks",
					"@loader_path/Frameworks",
				);
				PRODUCT_BUNDLE_IDENTIFIER = okanenogakko.aikikaku.co.jp.app2okanenogakkoUITests;
				PRODUCT_NAME = "$(TARGET_NAME)";
				SWIFT_VERSION = 5.0;
				TARGETED_DEVICE_FAMILY = "1,2";
				TEST_TARGET_NAME = app2okanenogakko;
			};
			name = Release;
		};
/* End XCBuildConfiguration section */

/* Begin XCConfigurationList section */
		63C4108C2294DE560079DC08 /* Build configuration list for PBXProject "app2okanenogakko" */ = {
			isa = XCConfigurationList;
			buildConfigurations = (
				63C410B92294DE590079DC08 /* Debug */,
				63C410BA2294DE590079DC08 /* Release */,
			);
			defaultConfigurationIsVisible = 0;
			defaultConfigurationName = Release;
		};
		63C410BB2294DE590079DC08 /* Build configuration list for PBXNativeTarget "app2okanenogakko" */ = {
			isa = XCConfigurationList;
			buildConfigurations = (
				63C410BC2294DE590079DC08 /* Debug */,
				63C410BD2294DE590079DC08 /* Release */,
			);
			defaultConfigurationIsVisible = 0;
			defaultConfigurationName = Release;
		};
		63C410BE2294DE590079DC08 /* Build configuration list for PBXNativeTarget "app2okanenogakkoTests" */ = {
			isa = XCConfigurationList;
			buildConfigurations = (
				63C410BF2294DE590079DC08 /* Debug */,
				63C410C02294DE590079DC08 /* Release */,
			);
			defaultConfigurationIsVisible = 0;
			defaultConfigurationName = Release;
		};
		63C410C12294DE590079DC08 /* Build configuration list for PBXNativeTarget "app2okanenogakkoUITests" */ = {
			isa = XCConfigurationList;
			buildConfigurations = (
				63C410C22294DE590079DC08 /* Debug */,
				63C410C32294DE590079DC08 /* Release */,
			);
			defaultConfigurationIsVisible = 0;
			defaultConfigurationName = Release;
		};
/* End XCConfigurationList section */
	};
	rootObject = 63C410892294DE560079DC08 /* Project object */;
}
